// !$*UTF8*$!
{
	archiveVersion = 1;
	classes = {
	};
	objectVersion = 56;
	objects = {

/* Begin PBXBuildFile section */
		36ADC9402B15C1A600E135DC /* AppDelegate.swift in Sources */ = {isa = PBXBuildFile; fileRef = 36ADC93F2B15C1A600E135DC /* AppDelegate.swift */; };
		36ADC9422B15C1A600E135DC /* SceneDelegate.swift in Sources */ = {isa = PBXBuildFile; fileRef = 36ADC9412B15C1A600E135DC /* SceneDelegate.swift */; };
		36ADC9442B15C1A600E135DC /* ViewController.swift in Sources */ = {isa = PBXBuildFile; fileRef = 36ADC9432B15C1A600E135DC /* ViewController.swift */; };
		36ADC9472B15C1A600E135DC /* Main.storyboard in Resources */ = {isa = PBXBuildFile; fileRef = 36ADC9452B15C1A600E135DC /* Main.storyboard */; };
		36ADC9492B15C1A700E135DC /* Assets.xcassets in Resources */ = {isa = PBXBuildFile; fileRef = 36ADC9482B15C1A700E135DC /* Assets.xcassets */; };
		36ADC94C2B15C1A700E135DC /* LaunchScreen.storyboard in Resources */ = {isa = PBXBuildFile; fileRef = 36ADC94A2B15C1A700E135DC /* LaunchScreen.storyboard */; };
		36ADC9572B15C1A800E135DC /* TstTests.swift in Sources */ = {isa = PBXBuildFile; fileRef = 36ADC9562B15C1A800E135DC /* TstTests.swift */; };
		36ADC9612B15C1A800E135DC /* TstUITests.swift in Sources */ = {isa = PBXBuildFile; fileRef = 36ADC9602B15C1A800E135DC /* TstUITests.swift */; };
		36ADC9632B15C1A800E135DC /* TstUITestsLaunchTests.swift in Sources */ = {isa = PBXBuildFile; fileRef = 36ADC9622B15C1A800E135DC /* TstUITestsLaunchTests.swift */; };
		36ADC9742B15C1E400E135DC /* TableViewController.swift in Sources */ = {isa = PBXBuildFile; fileRef = 36ADC9722B15C1E400E135DC /* TableViewController.swift */; };
		36ADC9752B15C1E400E135DC /* TableViewController.xib in Resources */ = {isa = PBXBuildFile; fileRef = 36ADC9732B15C1E400E135DC /* TableViewController.xib */; };
		36ADC9792B15C2CF00E135DC /* ItemCell.swift in Sources */ = {isa = PBXBuildFile; fileRef = 36ADC9772B15C2CF00E135DC /* ItemCell.swift */; };
		36ADC97A2B15C2CF00E135DC /* ItemCell.xib in Resources */ = {isa = PBXBuildFile; fileRef = 36ADC9782B15C2CF00E135DC /* ItemCell.xib */; };
/* End PBXBuildFile section */

/* Begin PBXContainerItemProxy section */
		36ADC9532B15C1A800E135DC /* PBXContainerItemProxy */ = {
			isa = PBXContainerItemProxy;
			containerPortal = 36ADC9342B15C1A600E135DC /* Project object */;
			proxyType = 1;
			remoteGlobalIDString = 36ADC93B2B15C1A600E135DC;
			remoteInfo = Tst;
		};
		36ADC95D2B15C1A800E135DC /* PBXContainerItemProxy */ = {
			isa = PBXContainerItemProxy;
			containerPortal = 36ADC9342B15C1A600E135DC /* Project object */;
			proxyType = 1;
			remoteGlobalIDString = 36ADC93B2B15C1A600E135DC;
			remoteInfo = Tst;
		};
/* End PBXContainerItemProxy section */

/* Begin PBXFileReference section */
		36ADC93C2B15C1A600E135DC /* Tst.app */ = {isa = PBXFileReference; explicitFileType = wrapper.application; includeInIndex = 0; path = Tst.app; sourceTree = BUILT_PRODUCTS_DIR; };
		36ADC93F2B15C1A600E135DC /* AppDelegate.swift */ = {isa = PBXFileReference; lastKnownFileType = sourcecode.swift; path = AppDelegate.swift; sourceTree = "<group>"; };
		36ADC9412B15C1A600E135DC /* SceneDelegate.swift */ = {isa = PBXFileReference; lastKnownFileType = sourcecode.swift; path = SceneDelegate.swift; sourceTree = "<group>"; };
		36ADC9432B15C1A600E135DC /* ViewController.swift */ = {isa = PBXFileReference; lastKnownFileType = sourcecode.swift; path = ViewController.swift; sourceTree = "<group>"; };
		36ADC9462B15C1A600E135DC /* Base */ = {isa = PBXFileReference; lastKnownFileType = file.storyboard; name = Base; path = Base.lproj/Main.storyboard; sourceTree = "<group>"; };
		36ADC9482B15C1A700E135DC /* Assets.xcassets */ = {isa = PBXFileReference; lastKnownFileType = folder.assetcatalog; path = Assets.xcassets; sourceTree = "<group>"; };
		36ADC94B2B15C1A700E135DC /* Base */ = {isa = PBXFileReference; lastKnownFileType = file.storyboard; name = Base; path = Base.lproj/LaunchScreen.storyboard; sourceTree = "<group>"; };
		36ADC94D2B15C1A700E135DC /* Info.plist */ = {isa = PBXFileReference; lastKnownFileType = text.plist.xml; path = Info.plist; sourceTree = "<group>"; };
		36ADC9522B15C1A800E135DC /* TstTests.xctest */ = {isa = PBXFileReference; explicitFileType = wrapper.cfbundle; includeInIndex = 0; path = TstTests.xctest; sourceTree = BUILT_PRODUCTS_DIR; };
		36ADC9562B15C1A800E135DC /* TstTests.swift */ = {isa = PBXFileReference; lastKnownFileType = sourcecode.swift; path = TstTests.swift; sourceTree = "<group>"; };
		36ADC95C2B15C1A800E135DC /* TstUITests.xctest */ = {isa = PBXFileReference; explicitFileType = wrapper.cfbundle; includeInIndex = 0; path = TstUITests.xctest; sourceTree = BUILT_PRODUCTS_DIR; };
		36ADC9602B15C1A800E135DC /* TstUITests.swift */ = {isa = PBXFileReference; lastKnownFileType = sourcecode.swift; path = TstUITests.swift; sourceTree = "<group>"; };
		36ADC9622B15C1A800E135DC /* TstUITestsLaunchTests.swift */ = {isa = PBXFileReference; lastKnownFileType = sourcecode.swift; path = TstUITestsLaunchTests.swift; sourceTree = "<group>"; };
		36ADC9722B15C1E400E135DC /* TableViewController.swift */ = {isa = PBXFileReference; lastKnownFileType = sourcecode.swift; path = TableViewController.swift; sourceTree = "<group>"; };
		36ADC9732B15C1E400E135DC /* TableViewController.xib */ = {isa = PBXFileReference; lastKnownFileType = file.xib; path = TableViewController.xib; sourceTree = "<group>"; };
		36ADC9772B15C2CF00E135DC /* ItemCell.swift */ = {isa = PBXFileReference; lastKnownFileType = sourcecode.swift; path = ItemCell.swift; sourceTree = "<group>"; };
		36ADC9782B15C2CF00E135DC /* ItemCell.xib */ = {isa = PBXFileReference; lastKnownFileType = file.xib; path = ItemCell.xib; sourceTree = "<group>"; };
/* End PBXFileReference section */

/* Begin PBXFrameworksBuildPhase section */
		36ADC9392B15C1A600E135DC /* Frameworks */ = {
			isa = PBXFrameworksBuildPhase;
			buildActionMask = 2147483647;
			files = (
			);
			runOnlyForDeploymentPostprocessing = 0;
		};
		36ADC94F2B15C1A800E135DC /* Frameworks */ = {
			isa = PBXFrameworksBuildPhase;
			buildActionMask = 2147483647;
			files = (
			);
			runOnlyForDeploymentPostprocessing = 0;
		};
		36ADC9592B15C1A800E135DC /* Frameworks */ = {
			isa = PBXFrameworksBuildPhase;
			buildActionMask = 2147483647;
			files = (
			);
			runOnlyForDeploymentPostprocessing = 0;
		};
/* End PBXFrameworksBuildPhase section */

/* Begin PBXGroup section */
		36ADC9332B15C1A600E135DC = {
			isa = PBXGroup;
			children = (
				36ADC93E2B15C1A600E135DC /* Tst */,
				36ADC9552B15C1A800E135DC /* TstTests */,
				36ADC95F2B15C1A800E135DC /* TstUITests */,
				36ADC93D2B15C1A600E135DC /* Products */,
			);
			sourceTree = "<group>";
		};
		36ADC93D2B15C1A600E135DC /* Products */ = {
			isa = PBXGroup;
			children = (
				36ADC93C2B15C1A600E135DC /* Tst.app */,
				36ADC9522B15C1A800E135DC /* TstTests.xctest */,
				36ADC95C2B15C1A800E135DC /* TstUITests.xctest */,
			);
			name = Products;
			sourceTree = "<group>";
		};
		36ADC93E2B15C1A600E135DC /* Tst */ = {
			isa = PBXGroup;
			children = (
				36ADC96F2B15C1B200E135DC /* Module */,
				36ADC93F2B15C1A600E135DC /* AppDelegate.swift */,
				36ADC9412B15C1A600E135DC /* SceneDelegate.swift */,
				36ADC9432B15C1A600E135DC /* ViewController.swift */,
				36ADC9452B15C1A600E135DC /* Main.storyboard */,
				36ADC9482B15C1A700E135DC /* Assets.xcassets */,
				36ADC94A2B15C1A700E135DC /* LaunchScreen.storyboard */,
				36ADC94D2B15C1A700E135DC /* Info.plist */,
			);
			path = Tst;
			sourceTree = "<group>";
		};
		36ADC9552B15C1A800E135DC /* TstTests */ = {
			isa = PBXGroup;
			children = (
				36ADC9562B15C1A800E135DC /* TstTests.swift */,
			);
			path = TstTests;
			sourceTree = "<group>";
		};
		36ADC95F2B15C1A800E135DC /* TstUITests */ = {
			isa = PBXGroup;
			children = (
				36ADC9602B15C1A800E135DC /* TstUITests.swift */,
				36ADC9622B15C1A800E135DC /* TstUITestsLaunchTests.swift */,
			);
			path = TstUITests;
			sourceTree = "<group>";
		};
		36ADC96F2B15C1B200E135DC /* Module */ = {
			isa = PBXGroup;
			children = (
				36ADC9712B15C1BD00E135DC /* Tes */,
			);
			path = Module;
			sourceTree = "<group>";
		};
		36ADC9712B15C1BD00E135DC /* Tes */ = {
			isa = PBXGroup;
			children = (
				36ADC9762B15C2B800E135DC /* Cell */,
				36ADC9722B15C1E400E135DC /* TableViewController.swift */,
				36ADC9732B15C1E400E135DC /* TableViewController.xib */,
			);
			path = Tes;
			sourceTree = "<group>";
		};
		36ADC9762B15C2B800E135DC /* Cell */ = {
			isa = PBXGroup;
			children = (
				36ADC9772B15C2CF00E135DC /* ItemCell.swift */,
				36ADC9782B15C2CF00E135DC /* ItemCell.xib */,
			);
			path = Cell;
			sourceTree = "<group>";
		};
/* End PBXGroup section */

/* Begin PBXNativeTarget section */
		36ADC93B2B15C1A600E135DC /* Tst */ = {
			isa = PBXNativeTarget;
			buildConfigurationList = 36ADC9662B15C1A800E135DC /* Build configuration list for PBXNativeTarget "Tst" */;
			buildPhases = (
				36ADC9382B15C1A600E135DC /* Sources */,
				36ADC9392B15C1A600E135DC /* Frameworks */,
				36ADC93A2B15C1A600E135DC /* Resources */,
			);
			buildRules = (
			);
			dependencies = (
			);
			name = Tst;
			productName = Tst;
			productReference = 36ADC93C2B15C1A600E135DC /* Tst.app */;
			productType = "com.apple.product-type.application";
		};
		36ADC9512B15C1A800E135DC /* TstTests */ = {
			isa = PBXNativeTarget;
			buildConfigurationList = 36ADC9692B15C1A800E135DC /* Build configuration list for PBXNativeTarget "TstTests" */;
			buildPhases = (
				36ADC94E2B15C1A800E135DC /* Sources */,
				36ADC94F2B15C1A800E135DC /* Frameworks */,
				36ADC9502B15C1A800E135DC /* Resources */,
			);
			buildRules = (
			);
			dependencies = (
				36ADC9542B15C1A800E135DC /* PBXTargetDependency */,
			);
			name = TstTests;
			productName = TstTests;
			productReference = 36ADC9522B15C1A800E135DC /* TstTests.xctest */;
			productType = "com.apple.product-type.bundle.unit-test";
		};
		36ADC95B2B15C1A800E135DC /* TstUITests */ = {
			isa = PBXNativeTarget;
			buildConfigurationList = 36ADC96C2B15C1A800E135DC /* Build configuration list for PBXNativeTarget "TstUITests" */;
			buildPhases = (
				36ADC9582B15C1A800E135DC /* Sources */,
				36ADC9592B15C1A800E135DC /* Frameworks */,
				36ADC95A2B15C1A800E135DC /* Resources */,
			);
			buildRules = (
			);
			dependencies = (
				36ADC95E2B15C1A800E135DC /* PBXTargetDependency */,
			);
			name = TstUITests;
			productName = TstUITests;
			productReference = 36ADC95C2B15C1A800E135DC /* TstUITests.xctest */;
			productType = "com.apple.product-type.bundle.ui-testing";
		};
/* End PBXNativeTarget section */

/* Begin PBXProject section */
		36ADC9342B15C1A600E135DC /* Project object */ = {
			isa = PBXProject;
			attributes = {
				BuildIndependentTargetsInParallel = 1;
				LastSwiftUpdateCheck = 1420;
				LastUpgradeCheck = 1420;
				TargetAttributes = {
					36ADC93B2B15C1A600E135DC = {
						CreatedOnToolsVersion = 14.2;
					};
					36ADC9512B15C1A800E135DC = {
						CreatedOnToolsVersion = 14.2;
						TestTargetID = 36ADC93B2B15C1A600E135DC;
					};
					36ADC95B2B15C1A800E135DC = {
						CreatedOnToolsVersion = 14.2;
						TestTargetID = 36ADC93B2B15C1A600E135DC;
					};
				};
			};
			buildConfigurationList = 36ADC9372B15C1A600E135DC /* Build configuration list for PBXProject "Tst" */;
			compatibilityVersion = "Xcode 14.0";
			developmentRegion = en;
			hasScannedForEncodings = 0;
			knownRegions = (
				en,
				Base,
			);
			mainGroup = 36ADC9332B15C1A600E135DC;
			productRefGroup = 36ADC93D2B15C1A600E135DC /* Products */;
			projectDirPath = "";
			projectRoot = "";
			targets = (
				36ADC93B2B15C1A600E135DC /* Tst */,
				36ADC9512B15C1A800E135DC /* TstTests */,
				36ADC95B2B15C1A800E135DC /* TstUITests */,
			);
		};
/* End PBXProject section */

/* Begin PBXResourcesBuildPhase section */
		36ADC93A2B15C1A600E135DC /* Resources */ = {
			isa = PBXResourcesBuildPhase;
			buildActionMask = 2147483647;
			files = (
				36ADC94C2B15C1A700E135DC /* LaunchScreen.storyboard in Resources */,
				36ADC9492B15C1A700E135DC /* Assets.xcassets in Resources */,
				36ADC97A2B15C2CF00E135DC /* ItemCell.xib in Resources */,
				36ADC9472B15C1A600E135DC /* Main.storyboard in Resources */,
				36ADC9752B15C1E400E135DC /* TableViewController.xib in Resources */,
			);
			runOnlyForDeploymentPostprocessing = 0;
		};
		36ADC9502B15C1A800E135DC /* Resources */ = {
			isa = PBXResourcesBuildPhase;
			buildActionMask = 2147483647;
			files = (
			);
			runOnlyForDeploymentPostprocessing = 0;
		};
		36ADC95A2B15C1A800E135DC /* Resources */ = {
			isa = PBXResourcesBuildPhase;
			buildActionMask = 2147483647;
			files = (
			);
			runOnlyForDeploymentPostprocessing = 0;
		};
/* End PBXResourcesBuildPhase section */

/* Begin PBXSourcesBuildPhase section */
		36ADC9382B15C1A600E135DC /* Sources */ = {
			isa = PBXSourcesBuildPhase;
			buildActionMask = 2147483647;
			files = (
				36ADC9442B15C1A600E135DC /* ViewController.swift in Sources */,
				36ADC9402B15C1A600E135DC /* AppDelegate.swift in Sources */,
				36ADC9422B15C1A600E135DC /* SceneDelegate.swift in Sources */,
				36ADC9742B15C1E400E135DC /* TableViewController.swift in Sources */,
				36ADC9792B15C2CF00E135DC /* ItemCell.swift in Sources */,
			);
			runOnlyForDeploymentPostprocessing = 0;
		};
		36ADC94E2B15C1A800E135DC /* Sources */ = {
			isa = PBXSourcesBuildPhase;
			buildActionMask = 2147483647;
			files = (
				36ADC9572B15C1A800E135DC /* TstTests.swift in Sources */,
			);
			runOnlyForDeploymentPostprocessing = 0;
		};
		36ADC9582B15C1A800E135DC /* Sources */ = {
			isa = PBXSourcesBuildPhase;
			buildActionMask = 2147483647;
			files = (
				36ADC9632B15C1A800E135DC /* TstUITestsLaunchTests.swift in Sources */,
				36ADC9612B15C1A800E135DC /* TstUITests.swift in Sources */,
			);
			runOnlyForDeploymentPostprocessing = 0;
		};
/* End PBXSourcesBuildPhase section */

/* Begin PBXTargetDependency section */
		36ADC9542B15C1A800E135DC /* PBXTargetDependency */ = {
			isa = PBXTargetDependency;
			target = 36ADC93B2B15C1A600E135DC /* Tst */;
			targetProxy = 36ADC9532B15C1A800E135DC /* PBXContainerItemProxy */;
		};
		36ADC95E2B15C1A800E135DC /* PBXTargetDependency */ = {
			isa = PBXTargetDependency;
			target = 36ADC93B2B15C1A600E135DC /* Tst */;
			targetProxy = 36ADC95D2B15C1A800E135DC /* PBXContainerItemProxy */;
		};
/* End PBXTargetDependency section */

/* Begin PBXVariantGroup section */
		36ADC9452B15C1A600E135DC /* Main.storyboard */ = {
			isa = PBXVariantGroup;
			children = (
				36ADC9462B15C1A600E135DC /* Base */,
			);
			name = Main.storyboard;
			sourceTree = "<group>";
		};
		36ADC94A2B15C1A700E135DC /* LaunchScreen.storyboard */ = {
			isa = PBXVariantGroup;
			children = (
				36ADC94B2B15C1A700E135DC /* Base */,
			);
			name = LaunchScreen.storyboard;
			sourceTree = "<group>";
		};
/* End PBXVariantGroup section */

/* Begin XCBuildConfiguration section */
		36ADC9642B15C1A800E135DC /* Debug */ = {
			isa = XCBuildConfiguration;
			buildSettings = {
				ALWAYS_SEARCH_USER_PATHS = NO;
				CLANG_ANALYZER_NONNULL = YES;
				CLANG_ANALYZER_NUMBER_OBJECT_CONVERSION = YES_AGGRESSIVE;
				CLANG_CXX_LANGUAGE_STANDARD = "gnu++20";
				CLANG_ENABLE_MODULES = YES;
				CLANG_ENABLE_OBJC_ARC = YES;
				CLANG_ENABLE_OBJC_WEAK = YES;
				CLANG_WARN_BLOCK_CAPTURE_AUTORELEASING = YES;
				CLANG_WARN_BOOL_CONVERSION = YES;
				CLANG_WARN_COMMA = YES;
				CLANG_WARN_CONSTANT_CONVERSION = YES;
				CLANG_WARN_DEPRECATED_OBJC_IMPLEMENTATIONS = YES;
				CLANG_WARN_DIRECT_OBJC_ISA_USAGE = YES_ERROR;
				CLANG_WARN_DOCUMENTATION_COMMENTS = YES;
				CLANG_WARN_EMPTY_BODY = YES;
				CLANG_WARN_ENUM_CONVERSION = YES;
				CLANG_WARN_INFINITE_RECURSION = YES;
				CLANG_WARN_INT_CONVERSION = YES;
				CLANG_WARN_NON_LITERAL_NULL_CONVERSION = YES;
				CLANG_WARN_OBJC_IMPLICIT_RETAIN_SELF = YES;
				CLANG_WARN_OBJC_LITERAL_CONVERSION = YES;
				CLANG_WARN_OBJC_ROOT_CLASS = YES_ERROR;
				CLANG_WARN_QUOTED_INCLUDE_IN_FRAMEWORK_HEADER = YES;
				CLANG_WARN_RANGE_LOOP_ANALYSIS = YES;
				CLANG_WARN_STRICT_PROTOTYPES = YES;
				CLANG_WARN_SUSPICIOUS_MOVE = YES;
				CLANG_WARN_UNGUARDED_AVAILABILITY = YES_AGGRESSIVE;
				CLANG_WARN_UNREACHABLE_CODE = YES;
				CLANG_WARN__DUPLICATE_METHOD_MATCH = YES;
				COPY_PHASE_STRIP = NO;
				DEBUG_INFORMATION_FORMAT = dwarf;
				ENABLE_STRICT_OBJC_MSGSEND = YES;
				ENABLE_TESTABILITY = YES;
				GCC_C_LANGUAGE_STANDARD = gnu11;
				GCC_DYNAMIC_NO_PIC = NO;
				GCC_NO_COMMON_BLOCKS = YES;
				GCC_OPTIMIZATION_LEVEL = 0;
				GCC_PREPROCESSOR_DEFINITIONS = (
					"DEBUG=1",
					"$(inherited)",
				);
				GCC_WARN_64_TO_32_BIT_CONVERSION = YES;
				GCC_WARN_ABOUT_RETURN_TYPE = YES_ERROR;
				GCC_WARN_UNDECLARED_SELECTOR = YES;
				GCC_WARN_UNINITIALIZED_AUTOS = YES_AGGRESSIVE;
				GCC_WARN_UNUSED_FUNCTION = YES;
				GCC_WARN_UNUSED_VARIABLE = YES;
				IPHONEOS_DEPLOYMENT_TARGET = 16.2;
				MTL_ENABLE_DEBUG_INFO = INCLUDE_SOURCE;
				MTL_FAST_MATH = YES;
				ONLY_ACTIVE_ARCH = YES;
				SDKROOT = iphoneos;
				SWIFT_ACTIVE_COMPILATION_CONDITIONS = DEBUG;
				SWIFT_OPTIMIZATION_LEVEL = "-Onone";
			};
			name = Debug;
		};
		36ADC9652B15C1A800E135DC /* Release */ = {
			isa = XCBuildConfiguration;
			buildSettings = {
				ALWAYS_SEARCH_USER_PATHS = NO;
				CLANG_ANALYZER_NONNULL = YES;
				CLANG_ANALYZER_NUMBER_OBJECT_CONVERSION = YES_AGGRESSIVE;
				CLANG_CXX_LANGUAGE_STANDARD = "gnu++20";
				CLANG_ENABLE_MODULES = YES;
				CLANG_ENABLE_OBJC_ARC = YES;
				CLANG_ENABLE_OBJC_WEAK = YES;
				CLANG_WARN_BLOCK_CAPTURE_AUTORELEASING = YES;
				CLANG_WARN_BOOL_CONVERSION = YES;
				CLANG_WARN_COMMA = YES;
				CLANG_WARN_CONSTANT_CONVERSION = YES;
				CLANG_WARN_DEPRECATED_OBJC_IMPLEMENTATIONS = YES;
				CLANG_WARN_DIRECT_OBJC_ISA_USAGE = YES_ERROR;
				CLANG_WARN_DOCUMENTATION_COMMENTS = YES;
				CLANG_WARN_EMPTY_BODY = YES;
				CLANG_WARN_ENUM_CONVERSION = YES;
				CLANG_WARN_INFINITE_RECURSION = YES;
				CLANG_WARN_INT_CONVERSION = YES;
				CLANG_WARN_NON_LITERAL_NULL_CONVERSION = YES;
				CLANG_WARN_OBJC_IMPLICIT_RETAIN_SELF = YES;
				CLANG_WARN_OBJC_LITERAL_CONVERSION = YES;
				CLANG_WARN_OBJC_ROOT_CLASS = YES_ERROR;
				CLANG_WARN_QUOTED_INCLUDE_IN_FRAMEWORK_HEADER = YES;
				CLANG_WARN_RANGE_LOOP_ANALYSIS = YES;
				CLANG_WARN_STRICT_PROTOTYPES = YES;
				CLANG_WARN_SUSPICIOUS_MOVE = YES;
				CLANG_WARN_UNGUARDED_AVAILABILITY = YES_AGGRESSIVE;
				CLANG_WARN_UNREACHABLE_CODE = YES;
				CLANG_WARN__DUPLICATE_METHOD_MATCH = YES;
				COPY_PHASE_STRIP = NO;
				DEBUG_INFORMATION_FORMAT = "dwarf-with-dsym";
				ENABLE_NS_ASSERTIONS = NO;
				ENABLE_STRICT_OBJC_MSGSEND = YES;
				GCC_C_LANGUAGE_STANDARD = gnu11;
				GCC_NO_COMMON_BLOCKS = YES;
				GCC_WARN_64_TO_32_BIT_CONVERSION = YES;
				GCC_WARN_ABOUT_RETURN_TYPE = YES_ERROR;
				GCC_WARN_UNDECLARED_SELECTOR = YES;
				GCC_WARN_UNINITIALIZED_AUTOS = YES_AGGRESSIVE;
				GCC_WARN_UNUSED_FUNCTION = YES;
				GCC_WARN_UNUSED_VARIABLE = YES;
				IPHONEOS_DEPLOYMENT_TARGET = 16.2;
				MTL_ENABLE_DEBUG_INFO = NO;
				MTL_FAST_MATH = YES;
				SDKROOT = iphoneos;
				SWIFT_COMPILATION_MODE = wholemodule;
				SWIFT_OPTIMIZATION_LEVEL = "-O";
				VALIDATE_PRODUCT = YES;
			};
			name = Release;
		};
		36ADC9672B15C1A800E135DC /* Debug */ = {
			isa = XCBuildConfiguration;
			buildSettings = {
				ASSETCATALOG_COMPILER_APPICON_NAME = AppIcon;
				ASSETCATALOG_COMPILER_GLOBAL_ACCENT_COLOR_NAME = AccentColor;
				CODE_SIGN_STYLE = Automatic;
				CURRENT_PROJECT_VERSION = 1;
				GENERATE_INFOPLIST_FILE = YES;
				INFOPLIST_FILE = Tst/Info.plist;
				INFOPLIST_KEY_UIApplicationSupportsIndirectInputEvents = YES;
				INFOPLIST_KEY_UILaunchStoryboardName = LaunchScreen;
				INFOPLIST_KEY_UIMainStoryboardFile = Main;
				INFOPLIST_KEY_UISupportedInterfaceOrientations_iPad = "UIInterfaceOrientationPortrait UIInterfaceOrientationPortraitUpsideDown UIInterfaceOrientationLandscapeLeft UIInterfaceOrientationLandscapeRight";
				INFOPLIST_KEY_UISupportedInterfaceOrientations_iPhone = "UIInterfaceOrientationPortrait UIInterfaceOrientationLandscapeLeft UIInterfaceOrientationLandscapeRight";
				LD_RUNPATH_SEARCH_PATHS = (
					"$(inherited)",
					"@executable_path/Frameworks",
				);
				MARKETING_VERSION = 1.0;
				PRODUCT_BUNDLE_IDENTIFIER = Testing.Tst;
				PRODUCT_NAME = "$(TARGET_NAME)";
				SWIFT_EMIT_LOC_STRINGS = YES;
				SWIFT_VERSION = 5.0;
				TARGETED_DEVICE_FAMILY = "1,2";
			};
			name = Debug;
		};
		36ADC9682B15C1A800E135DC /* Release */ = {
			isa = XCBuildConfiguration;
			buildSettings = {
				ASSETCATALOG_COMPILER_APPICON_NAME = AppIcon;
				ASSETCATALOG_COMPILER_GLOBAL_ACCENT_COLOR_NAME = AccentColor;
				CODE_SIGN_STYLE = Automatic;
				CURRENT_PROJECT_VERSION = 1;
				GENERATE_INFOPLIST_FILE = YES;
				INFOPLIST_FILE = Tst/Info.plist;
				INFOPLIST_KEY_UIApplicationSupportsIndirectInputEvents = YES;
				INFOPLIST_KEY_UILaunchStoryboardName = LaunchScreen;
				INFOPLIST_KEY_UIMainStoryboardFile = Main;
				INFOPLIST_KEY_UISupportedInterfaceOrientations_iPad = "UIInterfaceOrientationPortrait UIInterfaceOrientationPortraitUpsideDown UIInterfaceOrientationLandscapeLeft UIInterfaceOrientationLandscapeRight";
				INFOPLIST_KEY_UISupportedInterfaceOrientations_iPhone = "UIInterfaceOrientationPortrait UIInterfaceOrientationLandscapeLeft UIInterfaceOrientationLandscapeRight";
				LD_RUNPATH_SEARCH_PATHS = (
					"$(inherited)",
					"@executable_path/Frameworks",
				);
				MARKETING_VERSION = 1.0;
				PRODUCT_BUNDLE_IDENTIFIER = Testing.Tst;
				PRODUCT_NAME = "$(TARGET_NAME)";
				SWIFT_EMIT_LOC_STRINGS = YES;
				SWIFT_VERSION = 5.0;
				TARGETED_DEVICE_FAMILY = "1,2";
			};
			name = Release;
		};
		36ADC96A2B15C1A800E135DC /* Debug */ = {
			isa = XCBuildConfiguration;
			buildSettings = {
				ALWAYS_EMBED_SWIFT_STANDARD_LIBRARIES = YES;
				BUNDLE_LOADER = "$(TEST_HOST)";
				CODE_SIGN_STYLE = Automatic;
				CURRENT_PROJECT_VERSION = 1;
				GENERATE_INFOPLIST_FILE = YES;
				IPHONEOS_DEPLOYMENT_TARGET = 16.2;
				MARKETING_VERSION = 1.0;
				PRODUCT_BUNDLE_IDENTIFIER = Testing.TstTests;
				PRODUCT_NAME = "$(TARGET_NAME)";
				SWIFT_EMIT_LOC_STRINGS = NO;
				SWIFT_VERSION = 5.0;
				TARGETED_DEVICE_FAMILY = "1,2";
				TEST_HOST = "$(BUILT_PRODUCTS_DIR)/Tst.app/$(BUNDLE_EXECUTABLE_FOLDER_PATH)/Tst";
			};
			name = Debug;
		};
		36ADC96B2B15C1A800E135DC /* Release */ = {
			isa = XCBuildConfiguration;
			buildSettings = {
				ALWAYS_EMBED_SWIFT_STANDARD_LIBRARIES = YES;
				BUNDLE_LOADER = "$(TEST_HOST)";
				CODE_SIGN_STYLE = Automatic;
				CURRENT_PROJECT_VERSION = 1;
				GENERATE_INFOPLIST_FILE = YES;
				IPHONEOS_DEPLOYMENT_TARGET = 16.2;
				MARKETING_VERSION = 1.0;
				PRODUCT_BUNDLE_IDENTIFIER = Testing.TstTests;
				PRODUCT_NAME = "$(TARGET_NAME)";
				SWIFT_EMIT_LOC_STRINGS = NO;
				SWIFT_VERSION = 5.0;
				TARGETED_DEVICE_FAMILY = "1,2";
				TEST_HOST = "$(BUILT_PRODUCTS_DIR)/Tst.app/$(BUNDLE_EXECUTABLE_FOLDER_PATH)/Tst";
			};
			name = Release;
		};
		36ADC96D2B15C1A800E135DC /* Debug */ = {
			isa = XCBuildConfiguration;
			buildSettings = {
				ALWAYS_EMBED_SWIFT_STANDARD_LIBRARIES = YES;
				CODE_SIGN_STYLE = Automatic;
				CURRENT_PROJECT_VERSION = 1;
				GENERATE_INFOPLIST_FILE = YES;
				MARKETING_VERSION = 1.0;
				PRODUCT_BUNDLE_IDENTIFIER = Testing.TstUITests;
				PRODUCT_NAME = "$(TARGET_NAME)";
				SWIFT_EMIT_LOC_STRINGS = NO;
				SWIFT_VERSION = 5.0;
				TARGETED_DEVICE_FAMILY = "1,2";
				TEST_TARGET_NAME = Tst;
			};
			name = Debug;
		};
		36ADC96E2B15C1A800E135DC /* Release */ = {
			isa = XCBuildConfiguration;
			buildSettings = {
				ALWAYS_EMBED_SWIFT_STANDARD_LIBRARIES = YES;
				CODE_SIGN_STYLE = Automatic;
				CURRENT_PROJECT_VERSION = 1;
				GENERATE_INFOPLIST_FILE = YES;
				MARKETING_VERSION = 1.0;
				PRODUCT_BUNDLE_IDENTIFIER = Testing.TstUITests;
				PRODUCT_NAME = "$(TARGET_NAME)";
				SWIFT_EMIT_LOC_STRINGS = NO;
				SWIFT_VERSION = 5.0;
				TARGETED_DEVICE_FAMILY = "1,2";
				TEST_TARGET_NAME = Tst;
			};
			name = Release;
		};
/* End XCBuildConfiguration section */

/* Begin XCConfigurationList section */
		36ADC9372B15C1A600E135DC /* Build configuration list for PBXProject "Tst" */ = {
			isa = XCConfigurationList;
			buildConfigurations = (
				36ADC9642B15C1A800E135DC /* Debug */,
				36ADC9652B15C1A800E135DC /* Release */,
			);
			defaultConfigurationIsVisible = 0;
			defaultConfigurationName = Release;
		};
		36ADC9662B15C1A800E135DC /* Build configuration list for PBXNativeTarget "Tst" */ = {
			isa = XCConfigurationList;
			buildConfigurations = (
				36ADC9672B15C1A800E135DC /* Debug */,
				36ADC9682B15C1A800E135DC /* Release */,
			);
			defaultConfigurationIsVisible = 0;
			defaultConfigurationName = Release;
		};
		36ADC9692B15C1A800E135DC /* Build configuration list for PBXNativeTarget "TstTests" */ = {
			isa = XCConfigurationList;
			buildConfigurations = (
				36ADC96A2B15C1A800E135DC /* Debug */,
				36ADC96B2B15C1A800E135DC /* Release */,
			);
			defaultConfigurationIsVisible = 0;
			defaultConfigurationName = Release;
		};
		36ADC96C2B15C1A800E135DC /* Build configuration list for PBXNativeTarget "TstUITests" */ = {
			isa = XCConfigurationList;
			buildConfigurations = (
				36ADC96D2B15C1A800E135DC /* Debug */,
				36ADC96E2B15C1A800E135DC /* Release */,
			);
			defaultConfigurationIsVisible = 0;
			defaultConfigurationName = Release;
		};
/* End XCConfigurationList section */
	};
	rootObject = 36ADC9342B15C1A600E135DC /* Project object */;
}
