// !$*UTF8*$!
{
	archiveVersion = 1;
	classes = {
	};
	objectVersion = 55;
	objects = {

/* Begin PBXBuildFile section */
		36019BF32AE8EF1400C07588 /* AppDelegate.swift in Sources */ = {isa = PBXBuildFile; fileRef = 36019BF22AE8EF1400C07588 /* AppDelegate.swift */; };
		36019BF52AE8EF1400C07588 /* SceneDelegate.swift in Sources */ = {isa = PBXBuildFile; fileRef = 36019BF42AE8EF1400C07588 /* SceneDelegate.swift */; };
		36019BFC2AE8EF1500C07588 /* Assets.xcassets in Resources */ = {isa = PBXBuildFile; fileRef = 36019BFB2AE8EF1500C07588 /* Assets.xcassets */; };
		36019BFF2AE8EF1500C07588 /* LaunchScreen.storyboard in Resources */ = {isa = PBXBuildFile; fileRef = 36019BFD2AE8EF1500C07588 /* LaunchScreen.storyboard */; };
		36019C0A2AE8EF1500C07588 /* profileUITests.swift in Sources */ = {isa = PBXBuildFile; fileRef = 36019C092AE8EF1500C07588 /* profileUITests.swift */; };
		36019C142AE8EF1500C07588 /* profileUIUITests.swift in Sources */ = {isa = PBXBuildFile; fileRef = 36019C132AE8EF1500C07588 /* profileUIUITests.swift */; };
		36019C162AE8EF1500C07588 /* profileUIUITestsLaunchTests.swift in Sources */ = {isa = PBXBuildFile; fileRef = 36019C152AE8EF1500C07588 /* profileUIUITestsLaunchTests.swift */; };
		3603F09D2AFA0A5C007EAD10 /* SearchBar.swift in Sources */ = {isa = PBXBuildFile; fileRef = 3603F09C2AFA0A5C007EAD10 /* SearchBar.swift */; };
		3603F0A32AFA0AD6007EAD10 /* SearchBar.xib in Resources */ = {isa = PBXBuildFile; fileRef = 3603F0A22AFA0AD6007EAD10 /* SearchBar.xib */; };
		360B3A432AEFB5B000FD98BB /* ProfileViewController.swift in Sources */ = {isa = PBXBuildFile; fileRef = 360B3A412AEFB5B000FD98BB /* ProfileViewController.swift */; };
		360B3A442AEFB5B000FD98BB /* ProfileViewController.xib in Resources */ = {isa = PBXBuildFile; fileRef = 360B3A422AEFB5B000FD98BB /* ProfileViewController.xib */; };
		360F6AFC2AEA4C3F004BE3CE /* ExtTableView.swift in Sources */ = {isa = PBXBuildFile; fileRef = 360F6AFB2AEA4C3F004BE3CE /* ExtTableView.swift */; };
		36301F912AF48FFB00E8BFF5 /* ApiManager.swift in Sources */ = {isa = PBXBuildFile; fileRef = 36301F902AF48FFB00E8BFF5 /* ApiManager.swift */; };
		36301F942AF490D200E8BFF5 /* Endpoint.swift in Sources */ = {isa = PBXBuildFile; fileRef = 36301F932AF490D200E8BFF5 /* Endpoint.swift */; };
		36354F722AF4A7B100EBDD90 /* DashboardViewController.swift in Sources */ = {isa = PBXBuildFile; fileRef = 36354F712AF4A7B100EBDD90 /* DashboardViewController.swift */; };
		36354F762AF4CEAE00EBDD90 /* CartViewController.swift in Sources */ = {isa = PBXBuildFile; fileRef = 36354F742AF4CEAE00EBDD90 /* CartViewController.swift */; };
		36354F772AF4CEAE00EBDD90 /* CartViewController.xib in Resources */ = {isa = PBXBuildFile; fileRef = 36354F752AF4CEAE00EBDD90 /* CartViewController.xib */; };
		36354F7F2AF9C68D00EBDD90 /* CartCell.swift in Sources */ = {isa = PBXBuildFile; fileRef = 36354F7D2AF9C68D00EBDD90 /* CartCell.swift */; };
		36354F802AF9C68D00EBDD90 /* CartCell.xib in Resources */ = {isa = PBXBuildFile; fileRef = 36354F7E2AF9C68D00EBDD90 /* CartCell.xib */; };
		36354F832AF9CCEF00EBDD90 /* DataModel.xcdatamodeld in Sources */ = {isa = PBXBuildFile; fileRef = 36354F812AF9CCEF00EBDD90 /* DataModel.xcdatamodeld */; };
		36354F852AF9CE9300EBDD90 /* ExtFloat.swift in Sources */ = {isa = PBXBuildFile; fileRef = 36354F842AF9CE9300EBDD90 /* ExtFloat.swift */; };
		36354F872AF9D12B00EBDD90 /* ToDo.swift in Sources */ = {isa = PBXBuildFile; fileRef = 36354F862AF9D12B00EBDD90 /* ToDo.swift */; };
		36354F892AF9D1E100EBDD90 /* ExtURLSession.swift in Sources */ = {isa = PBXBuildFile; fileRef = 36354F882AF9D1E100EBDD90 /* ExtURLSession.swift */; };
		36354F8D2AF9D22A00EBDD90 /* FetchViewController.swift in Sources */ = {isa = PBXBuildFile; fileRef = 36354F8B2AF9D22A00EBDD90 /* FetchViewController.swift */; };
		36354F8E2AF9D22A00EBDD90 /* FetchViewController.xib in Resources */ = {isa = PBXBuildFile; fileRef = 36354F8C2AF9D22A00EBDD90 /* FetchViewController.xib */; };
		36354F922AF9DC6600EBDD90 /* PostViewController.swift in Sources */ = {isa = PBXBuildFile; fileRef = 36354F902AF9DC6600EBDD90 /* PostViewController.swift */; };
		36354F932AF9DC6600EBDD90 /* PostViewController.xib in Resources */ = {isa = PBXBuildFile; fileRef = 36354F912AF9DC6600EBDD90 /* PostViewController.xib */; };
		36354F952AF9E1B000EBDD90 /* Food.swift in Sources */ = {isa = PBXBuildFile; fileRef = 36354F942AF9E1B000EBDD90 /* Food.swift */; };
		365BA6D42AEBAC4300CF478C /* Localizable.strings in Resources */ = {isa = PBXBuildFile; fileRef = 365BA6D62AEBAC4300CF478C /* Localizable.strings */; };
		365BA6DA2AEBB06B00CF478C /* ExtString.swift in Sources */ = {isa = PBXBuildFile; fileRef = 365BA6D92AEBB06B00CF478C /* ExtString.swift */; };
		365BA6DF2AEBB9D500CF478C /* ExtUIViewController.swift in Sources */ = {isa = PBXBuildFile; fileRef = 365BA6DE2AEBB9D500CF478C /* ExtUIViewController.swift */; };
		365BA6E12AEBBABE00CF478C /* ScrollViewController.swift in Sources */ = {isa = PBXBuildFile; fileRef = 365BA6E02AEBBABE00CF478C /* ScrollViewController.swift */; };
		365BA6EE2AEF3B5700CF478C /* ToolCell.swift in Sources */ = {isa = PBXBuildFile; fileRef = 365BA6EC2AEF3B5700CF478C /* ToolCell.swift */; };
		365BA6EF2AEF3B5700CF478C /* ToolCell.xib in Resources */ = {isa = PBXBuildFile; fileRef = 365BA6ED2AEF3B5700CF478C /* ToolCell.xib */; };
		365BA6F92AEF4E5F00CF478C /* SectionViewController.swift in Sources */ = {isa = PBXBuildFile; fileRef = 365BA6F72AEF4E5F00CF478C /* SectionViewController.swift */; };
		365BA6FA2AEF4E5F00CF478C /* SectionViewController.xib in Resources */ = {isa = PBXBuildFile; fileRef = 365BA6F82AEF4E5F00CF478C /* SectionViewController.xib */; };
		365BA6FE2AEF509F00CF478C /* BannerCell.swift in Sources */ = {isa = PBXBuildFile; fileRef = 365BA6FC2AEF509F00CF478C /* BannerCell.swift */; };
		365BA6FF2AEF509F00CF478C /* BannerCell.xib in Resources */ = {isa = PBXBuildFile; fileRef = 365BA6FD2AEF509F00CF478C /* BannerCell.xib */; };
		3675629A2AEA22D800F0A86F /* HalfScrollViewController.swift in Sources */ = {isa = PBXBuildFile; fileRef = 367562982AEA22D800F0A86F /* HalfScrollViewController.swift */; };
		3675629B2AEA22D800F0A86F /* HalfScrollViewController.xib in Resources */ = {isa = PBXBuildFile; fileRef = 367562992AEA22D800F0A86F /* HalfScrollViewController.xib */; };
		367B0B982AEB5A97009E72D4 /* ExtInt.swift in Sources */ = {isa = PBXBuildFile; fileRef = 367B0B972AEB5A97009E72D4 /* ExtInt.swift */; };
		367B0B9C2AEB609F009E72D4 /* ExtUIButton.swift in Sources */ = {isa = PBXBuildFile; fileRef = 367B0B9B2AEB609F009E72D4 /* ExtUIButton.swift */; };
		367B0BA02AEB61B1009E72D4 /* DetailsViewController.swift in Sources */ = {isa = PBXBuildFile; fileRef = 367B0B9E2AEB61B1009E72D4 /* DetailsViewController.swift */; };
		367B0BA12AEB61B1009E72D4 /* DetailsViewController.xib in Resources */ = {isa = PBXBuildFile; fileRef = 367B0B9F2AEB61B1009E72D4 /* DetailsViewController.xib */; };
		367B0BAD2AEB93EC009E72D4 /* ExtUICollectionView.swift in Sources */ = {isa = PBXBuildFile; fileRef = 367B0BAC2AEB93EC009E72D4 /* ExtUICollectionView.swift */; };
		367B0BB02AEB943F009E72D4 /* CollectionViewController.swift in Sources */ = {isa = PBXBuildFile; fileRef = 367B0BAE2AEB943F009E72D4 /* CollectionViewController.swift */; };
		367B0BB12AEB943F009E72D4 /* CollectionViewController.xib in Resources */ = {isa = PBXBuildFile; fileRef = 367B0BAF2AEB943F009E72D4 /* CollectionViewController.xib */; };
		367B0BB52AEB9511009E72D4 /* DrinkCell.swift in Sources */ = {isa = PBXBuildFile; fileRef = 367B0BB32AEB9511009E72D4 /* DrinkCell.swift */; };
		367B0BB62AEB9511009E72D4 /* DrinkCell.xib in Resources */ = {isa = PBXBuildFile; fileRef = 367B0BB42AEB9511009E72D4 /* DrinkCell.xib */; };
		367BDE202B01C51C000D2965 /* DashboardViewModel.swift in Sources */ = {isa = PBXBuildFile; fileRef = 367BDE1F2B01C51C000D2965 /* DashboardViewModel.swift */; };
		368D997A2AFB6F320072A977 /* FloatingPanelView.swift in Sources */ = {isa = PBXBuildFile; fileRef = 368D99782AFB6F320072A977 /* FloatingPanelView.swift */; };
		368D997B2AFB6F320072A977 /* FloatingPanelView.xib in Resources */ = {isa = PBXBuildFile; fileRef = 368D99792AFB6F320072A977 /* FloatingPanelView.xib */; };
		368E86752AFDD06C002064E1 /* ResultViewController.swift in Sources */ = {isa = PBXBuildFile; fileRef = 368E86732AFDD06C002064E1 /* ResultViewController.swift */; };
		368E86762AFDD06C002064E1 /* ResultViewController.xib in Resources */ = {isa = PBXBuildFile; fileRef = 368E86742AFDD06C002064E1 /* ResultViewController.xib */; };
		368FD7F92B01C851006AEABE /* CoreDataManager.swift in Sources */ = {isa = PBXBuildFile; fileRef = 368FD7F82B01C851006AEABE /* CoreDataManager.swift */; };
		368FD7FB2B01D143006AEABE /* SplashViewModel.swift in Sources */ = {isa = PBXBuildFile; fileRef = 368FD7FA2B01D143006AEABE /* SplashViewModel.swift */; };
		368FD7FD2B01DCF0006AEABE /* LoginViewModel.swift in Sources */ = {isa = PBXBuildFile; fileRef = 368FD7FC2B01DCF0006AEABE /* LoginViewModel.swift */; };
		368FD7FF2B01E1EE006AEABE /* RegisterViewModel.swift in Sources */ = {isa = PBXBuildFile; fileRef = 368FD7FE2B01E1EE006AEABE /* RegisterViewModel.swift */; };
		368FD8032B01F3EC006AEABE /* DetailsViewModel.swift in Sources */ = {isa = PBXBuildFile; fileRef = 368FD8022B01F3EC006AEABE /* DetailsViewModel.swift */; };
		368FD8052B01F761006AEABE /* ProfileViewModel.swift in Sources */ = {isa = PBXBuildFile; fileRef = 368FD8042B01F761006AEABE /* ProfileViewModel.swift */; };
		368FD8072B01FC51006AEABE /* EditProfileViewModel.swift in Sources */ = {isa = PBXBuildFile; fileRef = 368FD8062B01FC51006AEABE /* EditProfileViewModel.swift */; };
		368FD8092B02002F006AEABE /* AuthService.swift in Sources */ = {isa = PBXBuildFile; fileRef = 368FD8082B02002F006AEABE /* AuthService.swift */; };
		369921B72AF0CBE200DC4601 /* LoginViewController.swift in Sources */ = {isa = PBXBuildFile; fileRef = 369921B52AF0CBE200DC4601 /* LoginViewController.swift */; };
		369921B82AF0CBE200DC4601 /* LoginViewController.xib in Resources */ = {isa = PBXBuildFile; fileRef = 369921B62AF0CBE200DC4601 /* LoginViewController.xib */; };
		369921BB2AF0E2E200DC4601 /* InputField.swift in Sources */ = {isa = PBXBuildFile; fileRef = 369921BA2AF0E2E200DC4601 /* InputField.swift */; };
		369921BD2AF0E2EE00DC4601 /* InputField.xib in Resources */ = {isa = PBXBuildFile; fileRef = 369921BC2AF0E2EE00DC4601 /* InputField.xib */; };
		36A4324A2AF230530070E770 /* Poppins-Black.ttf in Resources */ = {isa = PBXBuildFile; fileRef = 36A432482AF2302B0070E770 /* Poppins-Black.ttf */; };
		36A4324B2AF230590070E770 /* Poppins-BlackItalic.ttf in Resources */ = {isa = PBXBuildFile; fileRef = 36A432442AF2302B0070E770 /* Poppins-BlackItalic.ttf */; };
		36A4324C2AF2305C0070E770 /* Poppins-Bold.ttf in Resources */ = {isa = PBXBuildFile; fileRef = 36A432412AF2302B0070E770 /* Poppins-Bold.ttf */; };
		36A4324D2AF23D7C0070E770 /* Poppins-Regular.ttf in Resources */ = {isa = PBXBuildFile; fileRef = 36A432432AF2302B0070E770 /* Poppins-Regular.ttf */; };
		36A4324E2AF23D810070E770 /* Poppins-SemiBold.ttf in Resources */ = {isa = PBXBuildFile; fileRef = 36A432492AF2302B0070E770 /* Poppins-SemiBold.ttf */; };
		36A4324F2AF23D830070E770 /* Poppins-SemiBoldItalic.ttf in Resources */ = {isa = PBXBuildFile; fileRef = 36A432402AF2302B0070E770 /* Poppins-SemiBoldItalic.ttf */; };
		36A432502AF23D860070E770 /* Poppins-Thin.ttf in Resources */ = {isa = PBXBuildFile; fileRef = 36A432452AF2302B0070E770 /* Poppins-Thin.ttf */; };
		36A432512AF23D880070E770 /* Poppins-ThinItalic.ttf in Resources */ = {isa = PBXBuildFile; fileRef = 36A432382AF2302A0070E770 /* Poppins-ThinItalic.ttf */; };
		36A432522AF23DA50070E770 /* Poppins-Italic.ttf in Resources */ = {isa = PBXBuildFile; fileRef = 36A4323A2AF2302B0070E770 /* Poppins-Italic.ttf */; };
		36A432532AF23DA80070E770 /* Poppins-Medium.ttf in Resources */ = {isa = PBXBuildFile; fileRef = 36A432462AF2302B0070E770 /* Poppins-Medium.ttf */; };
		36A432552AF32B070070E770 /* UserModel.swift in Sources */ = {isa = PBXBuildFile; fileRef = 36A432542AF32B070070E770 /* UserModel.swift */; };
		36A432592AF336750070E770 /* TopCell.swift in Sources */ = {isa = PBXBuildFile; fileRef = 36A432572AF336750070E770 /* TopCell.swift */; };
		36A4325A2AF336750070E770 /* TopCell.xib in Resources */ = {isa = PBXBuildFile; fileRef = 36A432582AF336750070E770 /* TopCell.xib */; };
		36A432602AF3426E0070E770 /* SplashViewController.swift in Sources */ = {isa = PBXBuildFile; fileRef = 36A4325E2AF3426E0070E770 /* SplashViewController.swift */; };
		36A432612AF3426E0070E770 /* SplashViewController.xib in Resources */ = {isa = PBXBuildFile; fileRef = 36A4325F2AF3426E0070E770 /* SplashViewController.xib */; };
		36A432642AF3767B0070E770 /* MiddleCell.swift in Sources */ = {isa = PBXBuildFile; fileRef = 36A432622AF3767B0070E770 /* MiddleCell.swift */; };
		36A432652AF3767B0070E770 /* MiddleCell.xib in Resources */ = {isa = PBXBuildFile; fileRef = 36A432632AF3767B0070E770 /* MiddleCell.xib */; };
		36A432692AF378C10070E770 /* FoodCell.swift in Sources */ = {isa = PBXBuildFile; fileRef = 36A432672AF378C10070E770 /* FoodCell.swift */; };
		36A4326A2AF378C10070E770 /* FoodCell.xib in Resources */ = {isa = PBXBuildFile; fileRef = 36A432682AF378C10070E770 /* FoodCell.xib */; };
		36A4326C2AF38B6B0070E770 /* ItemModel.swift in Sources */ = {isa = PBXBuildFile; fileRef = 36A4326B2AF38B6B0070E770 /* ItemModel.swift */; };
		36A4326F2AF3A31A0070E770 /* BottomCell.swift in Sources */ = {isa = PBXBuildFile; fileRef = 36A4326D2AF3A31A0070E770 /* BottomCell.swift */; };
		36A432702AF3A31A0070E770 /* BottomCell.xib in Resources */ = {isa = PBXBuildFile; fileRef = 36A4326E2AF3A31A0070E770 /* BottomCell.xib */; };
		36C287382B0478E500F17ADA /* Constants.swift in Sources */ = {isa = PBXBuildFile; fileRef = 36C287372B0478E400F17ADA /* Constants.swift */; };
		36C2873E2B047A6800F17ADA /* TabBarViewController.swift in Sources */ = {isa = PBXBuildFile; fileRef = 36C2873D2B047A6800F17ADA /* TabBarViewController.swift */; };
		36D38E5D2AEA606900168143 /* ExtUIView.swift in Sources */ = {isa = PBXBuildFile; fileRef = 36D38E5C2AEA606900168143 /* ExtUIView.swift */; };
		36D38E5F2AEA69FA00168143 /* ExtUILabel.swift in Sources */ = {isa = PBXBuildFile; fileRef = 36D38E5E2AEA69FA00168143 /* ExtUILabel.swift */; };
		36D38E612AEA6A3800168143 /* ExtUIImageView.swift in Sources */ = {isa = PBXBuildFile; fileRef = 36D38E602AEA6A3800168143 /* ExtUIImageView.swift */; };
		36F2C2BA2AE9FC590044729F /* EditProfileViewController.swift in Sources */ = {isa = PBXBuildFile; fileRef = 36F2C2B82AE9FC590044729F /* EditProfileViewController.swift */; };
		36F2C2BB2AE9FC590044729F /* EditProfileViewController.xib in Resources */ = {isa = PBXBuildFile; fileRef = 36F2C2B92AE9FC590044729F /* EditProfileViewController.xib */; };
		36F741F02AF095A400CAB136 /* DashboardViewController.xib in Resources */ = {isa = PBXBuildFile; fileRef = 36F741EE2AF095A400CAB136 /* DashboardViewController.xib */; };
		36F741F82AF09A7B00CAB136 /* ThreadsViewController.swift in Sources */ = {isa = PBXBuildFile; fileRef = 36F741F62AF09A7B00CAB136 /* ThreadsViewController.swift */; };
		36F741F92AF09A7B00CAB136 /* ThreadsViewController.xib in Resources */ = {isa = PBXBuildFile; fileRef = 36F741F72AF09A7B00CAB136 /* ThreadsViewController.xib */; };
		36F741FD2AF0A3A500CAB136 /* SettingViewController.swift in Sources */ = {isa = PBXBuildFile; fileRef = 36F741FB2AF0A3A500CAB136 /* SettingViewController.swift */; };
		36F741FE2AF0A3A500CAB136 /* SettingViewController.xib in Resources */ = {isa = PBXBuildFile; fileRef = 36F741FC2AF0A3A500CAB136 /* SettingViewController.xib */; };
		36FD06712AEA445A0088F415 /* TabelViewController.swift in Sources */ = {isa = PBXBuildFile; fileRef = 36FD066F2AEA445A0088F415 /* TabelViewController.swift */; };
		36FD06722AEA445A0088F415 /* TabelViewController.xib in Resources */ = {isa = PBXBuildFile; fileRef = 36FD06702AEA445A0088F415 /* TabelViewController.xib */; };
		36FE9FBC2AF217AA00EBF492 /* RegisterViewController.swift in Sources */ = {isa = PBXBuildFile; fileRef = 36FE9FBA2AF217AA00EBF492 /* RegisterViewController.swift */; };
		36FE9FBD2AF217AA00EBF492 /* RegisterViewController.xib in Resources */ = {isa = PBXBuildFile; fileRef = 36FE9FBB2AF217AA00EBF492 /* RegisterViewController.xib */; };
		888FDA586574E30D86664339 /* Pods_profileUITests.framework in Frameworks */ = {isa = PBXBuildFile; fileRef = 85CFF387538C630CFB282761 /* Pods_profileUITests.framework */; };
		D0F53AA830DE866FF5C4E6E2 /* Pods_profileUI.framework in Frameworks */ = {isa = PBXBuildFile; fileRef = 268C09B0267C50ACA61FB302 /* Pods_profileUI.framework */; };
		E9BAF449BBC15A4FE59464A1 /* Pods_profileUI_profileUIUITests.framework in Frameworks */ = {isa = PBXBuildFile; fileRef = 7F18C5943AA70223C4F983F3 /* Pods_profileUI_profileUIUITests.framework */; };
/* End PBXBuildFile section */

/* Begin PBXContainerItemProxy section */
		36019C062AE8EF1500C07588 /* PBXContainerItemProxy */ = {
			isa = PBXContainerItemProxy;
			containerPortal = 36019BE72AE8EF1400C07588 /* Project object */;
			proxyType = 1;
			remoteGlobalIDString = 36019BEE2AE8EF1400C07588;
			remoteInfo = profileUI;
		};
		36019C102AE8EF1500C07588 /* PBXContainerItemProxy */ = {
			isa = PBXContainerItemProxy;
			containerPortal = 36019BE72AE8EF1400C07588 /* Project object */;
			proxyType = 1;
			remoteGlobalIDString = 36019BEE2AE8EF1400C07588;
			remoteInfo = profileUI;
		};
/* End PBXContainerItemProxy section */

/* Begin PBXFileReference section */
		113F20FD03091ABA2C892443 /* Pods-profileUITests.release.xcconfig */ = {isa = PBXFileReference; includeInIndex = 1; lastKnownFileType = text.xcconfig; name = "Pods-profileUITests.release.xcconfig"; path = "Target Support Files/Pods-profileUITests/Pods-profileUITests.release.xcconfig"; sourceTree = "<group>"; };
		268C09B0267C50ACA61FB302 /* Pods_profileUI.framework */ = {isa = PBXFileReference; explicitFileType = wrapper.framework; includeInIndex = 0; path = Pods_profileUI.framework; sourceTree = BUILT_PRODUCTS_DIR; };
		36019BEF2AE8EF1400C07588 /* profileUI.app */ = {isa = PBXFileReference; explicitFileType = wrapper.application; includeInIndex = 0; path = profileUI.app; sourceTree = BUILT_PRODUCTS_DIR; };
		36019BF22AE8EF1400C07588 /* AppDelegate.swift */ = {isa = PBXFileReference; lastKnownFileType = sourcecode.swift; path = AppDelegate.swift; sourceTree = "<group>"; };
		36019BF42AE8EF1400C07588 /* SceneDelegate.swift */ = {isa = PBXFileReference; lastKnownFileType = sourcecode.swift; path = SceneDelegate.swift; sourceTree = "<group>"; };
		36019BFB2AE8EF1500C07588 /* Assets.xcassets */ = {isa = PBXFileReference; lastKnownFileType = folder.assetcatalog; path = Assets.xcassets; sourceTree = "<group>"; };
		36019BFE2AE8EF1500C07588 /* Base */ = {isa = PBXFileReference; lastKnownFileType = file.storyboard; name = Base; path = Base.lproj/LaunchScreen.storyboard; sourceTree = "<group>"; };
		36019C002AE8EF1500C07588 /* Info.plist */ = {isa = PBXFileReference; lastKnownFileType = text.plist.xml; path = Info.plist; sourceTree = "<group>"; };
		36019C052AE8EF1500C07588 /* profileUITests.xctest */ = {isa = PBXFileReference; explicitFileType = wrapper.cfbundle; includeInIndex = 0; path = profileUITests.xctest; sourceTree = BUILT_PRODUCTS_DIR; };
		36019C092AE8EF1500C07588 /* profileUITests.swift */ = {isa = PBXFileReference; lastKnownFileType = sourcecode.swift; path = profileUITests.swift; sourceTree = "<group>"; };
		36019C0F2AE8EF1500C07588 /* profileUIUITests.xctest */ = {isa = PBXFileReference; explicitFileType = wrapper.cfbundle; includeInIndex = 0; path = profileUIUITests.xctest; sourceTree = BUILT_PRODUCTS_DIR; };
		36019C132AE8EF1500C07588 /* profileUIUITests.swift */ = {isa = PBXFileReference; lastKnownFileType = sourcecode.swift; path = profileUIUITests.swift; sourceTree = "<group>"; };
		36019C152AE8EF1500C07588 /* profileUIUITestsLaunchTests.swift */ = {isa = PBXFileReference; lastKnownFileType = sourcecode.swift; path = profileUIUITestsLaunchTests.swift; sourceTree = "<group>"; };
		3603F09C2AFA0A5C007EAD10 /* SearchBar.swift */ = {isa = PBXFileReference; lastKnownFileType = sourcecode.swift; path = SearchBar.swift; sourceTree = "<group>"; };
		3603F0A22AFA0AD6007EAD10 /* SearchBar.xib */ = {isa = PBXFileReference; lastKnownFileType = file.xib; path = SearchBar.xib; sourceTree = "<group>"; };
		360B3A412AEFB5B000FD98BB /* ProfileViewController.swift */ = {isa = PBXFileReference; lastKnownFileType = sourcecode.swift; path = ProfileViewController.swift; sourceTree = "<group>"; };
		360B3A422AEFB5B000FD98BB /* ProfileViewController.xib */ = {isa = PBXFileReference; lastKnownFileType = file.xib; path = ProfileViewController.xib; sourceTree = "<group>"; };
		360F6AFB2AEA4C3F004BE3CE /* ExtTableView.swift */ = {isa = PBXFileReference; lastKnownFileType = sourcecode.swift; path = ExtTableView.swift; sourceTree = "<group>"; };
		36301F902AF48FFB00E8BFF5 /* ApiManager.swift */ = {isa = PBXFileReference; lastKnownFileType = sourcecode.swift; path = ApiManager.swift; sourceTree = "<group>"; };
		36301F932AF490D200E8BFF5 /* Endpoint.swift */ = {isa = PBXFileReference; lastKnownFileType = sourcecode.swift; path = Endpoint.swift; sourceTree = "<group>"; };
		36354F712AF4A7B100EBDD90 /* DashboardViewController.swift */ = {isa = PBXFileReference; fileEncoding = 4; lastKnownFileType = sourcecode.swift; path = DashboardViewController.swift; sourceTree = "<group>"; };
		36354F742AF4CEAE00EBDD90 /* CartViewController.swift */ = {isa = PBXFileReference; lastKnownFileType = sourcecode.swift; path = CartViewController.swift; sourceTree = "<group>"; };
		36354F752AF4CEAE00EBDD90 /* CartViewController.xib */ = {isa = PBXFileReference; lastKnownFileType = file.xib; path = CartViewController.xib; sourceTree = "<group>"; };
		36354F7D2AF9C68D00EBDD90 /* CartCell.swift */ = {isa = PBXFileReference; lastKnownFileType = sourcecode.swift; path = CartCell.swift; sourceTree = "<group>"; };
		36354F7E2AF9C68D00EBDD90 /* CartCell.xib */ = {isa = PBXFileReference; lastKnownFileType = file.xib; path = CartCell.xib; sourceTree = "<group>"; };
		36354F822AF9CCEF00EBDD90 /* Food.xcdatamodel */ = {isa = PBXFileReference; lastKnownFileType = wrapper.xcdatamodel; path = Food.xcdatamodel; sourceTree = "<group>"; };
		36354F842AF9CE9300EBDD90 /* ExtFloat.swift */ = {isa = PBXFileReference; lastKnownFileType = sourcecode.swift; path = ExtFloat.swift; sourceTree = "<group>"; };
		36354F862AF9D12B00EBDD90 /* ToDo.swift */ = {isa = PBXFileReference; lastKnownFileType = sourcecode.swift; path = ToDo.swift; sourceTree = "<group>"; };
		36354F882AF9D1E100EBDD90 /* ExtURLSession.swift */ = {isa = PBXFileReference; lastKnownFileType = sourcecode.swift; path = ExtURLSession.swift; sourceTree = "<group>"; };
		36354F8B2AF9D22A00EBDD90 /* FetchViewController.swift */ = {isa = PBXFileReference; lastKnownFileType = sourcecode.swift; path = FetchViewController.swift; sourceTree = "<group>"; };
		36354F8C2AF9D22A00EBDD90 /* FetchViewController.xib */ = {isa = PBXFileReference; lastKnownFileType = file.xib; path = FetchViewController.xib; sourceTree = "<group>"; };
		36354F902AF9DC6600EBDD90 /* PostViewController.swift */ = {isa = PBXFileReference; lastKnownFileType = sourcecode.swift; path = PostViewController.swift; sourceTree = "<group>"; };
		36354F912AF9DC6600EBDD90 /* PostViewController.xib */ = {isa = PBXFileReference; lastKnownFileType = file.xib; path = PostViewController.xib; sourceTree = "<group>"; };
		36354F942AF9E1B000EBDD90 /* Food.swift */ = {isa = PBXFileReference; lastKnownFileType = sourcecode.swift; path = Food.swift; sourceTree = "<group>"; };
		365BA6D52AEBAC4300CF478C /* en */ = {isa = PBXFileReference; lastKnownFileType = text.plist.strings; name = en; path = en.lproj/Localizable.strings; sourceTree = "<group>"; };
		365BA6D72AEBACDF00CF478C /* de */ = {isa = PBXFileReference; lastKnownFileType = text.plist.strings; name = de; path = de.lproj/Localizable.strings; sourceTree = "<group>"; };
		365BA6D82AEBACEB00CF478C /* ru */ = {isa = PBXFileReference; lastKnownFileType = text.plist.strings; name = ru; path = ru.lproj/Localizable.strings; sourceTree = "<group>"; };
		365BA6D92AEBB06B00CF478C /* ExtString.swift */ = {isa = PBXFileReference; lastKnownFileType = sourcecode.swift; path = ExtString.swift; sourceTree = "<group>"; };
		365BA6DE2AEBB9D500CF478C /* ExtUIViewController.swift */ = {isa = PBXFileReference; lastKnownFileType = sourcecode.swift; path = ExtUIViewController.swift; sourceTree = "<group>"; };
		365BA6E02AEBBABE00CF478C /* ScrollViewController.swift */ = {isa = PBXFileReference; lastKnownFileType = sourcecode.swift; path = ScrollViewController.swift; sourceTree = "<group>"; };
		365BA6EC2AEF3B5700CF478C /* ToolCell.swift */ = {isa = PBXFileReference; lastKnownFileType = sourcecode.swift; path = ToolCell.swift; sourceTree = "<group>"; };
		365BA6ED2AEF3B5700CF478C /* ToolCell.xib */ = {isa = PBXFileReference; lastKnownFileType = file.xib; path = ToolCell.xib; sourceTree = "<group>"; };
		365BA6F72AEF4E5F00CF478C /* SectionViewController.swift */ = {isa = PBXFileReference; lastKnownFileType = sourcecode.swift; path = SectionViewController.swift; sourceTree = "<group>"; };
		365BA6F82AEF4E5F00CF478C /* SectionViewController.xib */ = {isa = PBXFileReference; lastKnownFileType = file.xib; path = SectionViewController.xib; sourceTree = "<group>"; };
		365BA6FC2AEF509F00CF478C /* BannerCell.swift */ = {isa = PBXFileReference; lastKnownFileType = sourcecode.swift; path = BannerCell.swift; sourceTree = "<group>"; };
		365BA6FD2AEF509F00CF478C /* BannerCell.xib */ = {isa = PBXFileReference; lastKnownFileType = file.xib; path = BannerCell.xib; sourceTree = "<group>"; };
		367562982AEA22D800F0A86F /* HalfScrollViewController.swift */ = {isa = PBXFileReference; lastKnownFileType = sourcecode.swift; path = HalfScrollViewController.swift; sourceTree = "<group>"; };
		367562992AEA22D800F0A86F /* HalfScrollViewController.xib */ = {isa = PBXFileReference; lastKnownFileType = file.xib; path = HalfScrollViewController.xib; sourceTree = "<group>"; };
		367B0B972AEB5A97009E72D4 /* ExtInt.swift */ = {isa = PBXFileReference; lastKnownFileType = sourcecode.swift; path = ExtInt.swift; sourceTree = "<group>"; };
		367B0B9B2AEB609F009E72D4 /* ExtUIButton.swift */ = {isa = PBXFileReference; lastKnownFileType = sourcecode.swift; path = ExtUIButton.swift; sourceTree = "<group>"; };
		367B0B9E2AEB61B1009E72D4 /* DetailsViewController.swift */ = {isa = PBXFileReference; lastKnownFileType = sourcecode.swift; path = DetailsViewController.swift; sourceTree = "<group>"; };
		367B0B9F2AEB61B1009E72D4 /* DetailsViewController.xib */ = {isa = PBXFileReference; lastKnownFileType = file.xib; path = DetailsViewController.xib; sourceTree = "<group>"; };
		367B0BAC2AEB93EC009E72D4 /* ExtUICollectionView.swift */ = {isa = PBXFileReference; lastKnownFileType = sourcecode.swift; path = ExtUICollectionView.swift; sourceTree = "<group>"; };
		367B0BAE2AEB943F009E72D4 /* CollectionViewController.swift */ = {isa = PBXFileReference; lastKnownFileType = sourcecode.swift; path = CollectionViewController.swift; sourceTree = "<group>"; };
		367B0BAF2AEB943F009E72D4 /* CollectionViewController.xib */ = {isa = PBXFileReference; lastKnownFileType = file.xib; path = CollectionViewController.xib; sourceTree = "<group>"; };
		367B0BB32AEB9511009E72D4 /* DrinkCell.swift */ = {isa = PBXFileReference; lastKnownFileType = sourcecode.swift; path = DrinkCell.swift; sourceTree = "<group>"; };
		367B0BB42AEB9511009E72D4 /* DrinkCell.xib */ = {isa = PBXFileReference; lastKnownFileType = file.xib; path = DrinkCell.xib; sourceTree = "<group>"; };
		367BDE1F2B01C51C000D2965 /* DashboardViewModel.swift */ = {isa = PBXFileReference; lastKnownFileType = sourcecode.swift; path = DashboardViewModel.swift; sourceTree = "<group>"; };
		368D99782AFB6F320072A977 /* FloatingPanelView.swift */ = {isa = PBXFileReference; lastKnownFileType = sourcecode.swift; path = FloatingPanelView.swift; sourceTree = "<group>"; };
		368D99792AFB6F320072A977 /* FloatingPanelView.xib */ = {isa = PBXFileReference; lastKnownFileType = file.xib; path = FloatingPanelView.xib; sourceTree = "<group>"; };
		368E86732AFDD06C002064E1 /* ResultViewController.swift */ = {isa = PBXFileReference; lastKnownFileType = sourcecode.swift; path = ResultViewController.swift; sourceTree = "<group>"; };
		368E86742AFDD06C002064E1 /* ResultViewController.xib */ = {isa = PBXFileReference; lastKnownFileType = file.xib; path = ResultViewController.xib; sourceTree = "<group>"; };
		368FD7F82B01C851006AEABE /* CoreDataManager.swift */ = {isa = PBXFileReference; lastKnownFileType = sourcecode.swift; path = CoreDataManager.swift; sourceTree = "<group>"; };
		368FD7FA2B01D143006AEABE /* SplashViewModel.swift */ = {isa = PBXFileReference; lastKnownFileType = sourcecode.swift; path = SplashViewModel.swift; sourceTree = "<group>"; };
		368FD7FC2B01DCF0006AEABE /* LoginViewModel.swift */ = {isa = PBXFileReference; lastKnownFileType = sourcecode.swift; path = LoginViewModel.swift; sourceTree = "<group>"; };
		368FD7FE2B01E1EE006AEABE /* RegisterViewModel.swift */ = {isa = PBXFileReference; lastKnownFileType = sourcecode.swift; path = RegisterViewModel.swift; sourceTree = "<group>"; };
		368FD8022B01F3EC006AEABE /* DetailsViewModel.swift */ = {isa = PBXFileReference; lastKnownFileType = sourcecode.swift; path = DetailsViewModel.swift; sourceTree = "<group>"; };
		368FD8042B01F761006AEABE /* ProfileViewModel.swift */ = {isa = PBXFileReference; lastKnownFileType = sourcecode.swift; path = ProfileViewModel.swift; sourceTree = "<group>"; };
		368FD8062B01FC51006AEABE /* EditProfileViewModel.swift */ = {isa = PBXFileReference; lastKnownFileType = sourcecode.swift; path = EditProfileViewModel.swift; sourceTree = "<group>"; };
		368FD8082B02002F006AEABE /* AuthService.swift */ = {isa = PBXFileReference; lastKnownFileType = sourcecode.swift; path = AuthService.swift; sourceTree = "<group>"; };
		369921B52AF0CBE200DC4601 /* LoginViewController.swift */ = {isa = PBXFileReference; lastKnownFileType = sourcecode.swift; path = LoginViewController.swift; sourceTree = "<group>"; };
		369921B62AF0CBE200DC4601 /* LoginViewController.xib */ = {isa = PBXFileReference; lastKnownFileType = file.xib; path = LoginViewController.xib; sourceTree = "<group>"; };
		369921BA2AF0E2E200DC4601 /* InputField.swift */ = {isa = PBXFileReference; lastKnownFileType = sourcecode.swift; path = InputField.swift; sourceTree = "<group>"; };
		369921BC2AF0E2EE00DC4601 /* InputField.xib */ = {isa = PBXFileReference; lastKnownFileType = file.xib; path = InputField.xib; sourceTree = "<group>"; };
		36A432382AF2302A0070E770 /* Poppins-ThinItalic.ttf */ = {isa = PBXFileReference; lastKnownFileType = file; path = "Poppins-ThinItalic.ttf"; sourceTree = "<group>"; };
		36A432392AF2302B0070E770 /* Poppins-LightItalic.ttf */ = {isa = PBXFileReference; lastKnownFileType = file; path = "Poppins-LightItalic.ttf"; sourceTree = "<group>"; };
		36A4323A2AF2302B0070E770 /* Poppins-Italic.ttf */ = {isa = PBXFileReference; lastKnownFileType = file; path = "Poppins-Italic.ttf"; sourceTree = "<group>"; };
		36A4323B2AF2302B0070E770 /* Poppins-ExtraLightItalic.ttf */ = {isa = PBXFileReference; lastKnownFileType = file; path = "Poppins-ExtraLightItalic.ttf"; sourceTree = "<group>"; };
		36A4323C2AF2302B0070E770 /* Poppins-Light.ttf */ = {isa = PBXFileReference; lastKnownFileType = file; path = "Poppins-Light.ttf"; sourceTree = "<group>"; };
		36A4323D2AF2302B0070E770 /* Poppins-MediumItalic.ttf */ = {isa = PBXFileReference; lastKnownFileType = file; path = "Poppins-MediumItalic.ttf"; sourceTree = "<group>"; };
		36A4323E2AF2302B0070E770 /* Poppins-ExtraBold.ttf */ = {isa = PBXFileReference; lastKnownFileType = file; path = "Poppins-ExtraBold.ttf"; sourceTree = "<group>"; };
		36A4323F2AF2302B0070E770 /* Poppins-BoldItalic.ttf */ = {isa = PBXFileReference; lastKnownFileType = file; path = "Poppins-BoldItalic.ttf"; sourceTree = "<group>"; };
		36A432402AF2302B0070E770 /* Poppins-SemiBoldItalic.ttf */ = {isa = PBXFileReference; lastKnownFileType = file; path = "Poppins-SemiBoldItalic.ttf"; sourceTree = "<group>"; };
		36A432412AF2302B0070E770 /* Poppins-Bold.ttf */ = {isa = PBXFileReference; lastKnownFileType = file; path = "Poppins-Bold.ttf"; sourceTree = "<group>"; };
		36A432422AF2302B0070E770 /* Poppins-ExtraBoldItalic.ttf */ = {isa = PBXFileReference; lastKnownFileType = file; path = "Poppins-ExtraBoldItalic.ttf"; sourceTree = "<group>"; };
		36A432432AF2302B0070E770 /* Poppins-Regular.ttf */ = {isa = PBXFileReference; lastKnownFileType = file; path = "Poppins-Regular.ttf"; sourceTree = "<group>"; };
		36A432442AF2302B0070E770 /* Poppins-BlackItalic.ttf */ = {isa = PBXFileReference; lastKnownFileType = file; path = "Poppins-BlackItalic.ttf"; sourceTree = "<group>"; };
		36A432452AF2302B0070E770 /* Poppins-Thin.ttf */ = {isa = PBXFileReference; lastKnownFileType = file; path = "Poppins-Thin.ttf"; sourceTree = "<group>"; };
		36A432462AF2302B0070E770 /* Poppins-Medium.ttf */ = {isa = PBXFileReference; lastKnownFileType = file; path = "Poppins-Medium.ttf"; sourceTree = "<group>"; };
		36A432472AF2302B0070E770 /* Poppins-ExtraLight.ttf */ = {isa = PBXFileReference; lastKnownFileType = file; path = "Poppins-ExtraLight.ttf"; sourceTree = "<group>"; };
		36A432482AF2302B0070E770 /* Poppins-Black.ttf */ = {isa = PBXFileReference; lastKnownFileType = file; path = "Poppins-Black.ttf"; sourceTree = "<group>"; };
		36A432492AF2302B0070E770 /* Poppins-SemiBold.ttf */ = {isa = PBXFileReference; lastKnownFileType = file; path = "Poppins-SemiBold.ttf"; sourceTree = "<group>"; };
		36A432542AF32B070070E770 /* UserModel.swift */ = {isa = PBXFileReference; lastKnownFileType = sourcecode.swift; path = UserModel.swift; sourceTree = "<group>"; };
		36A432572AF336750070E770 /* TopCell.swift */ = {isa = PBXFileReference; lastKnownFileType = sourcecode.swift; path = TopCell.swift; sourceTree = "<group>"; };
		36A432582AF336750070E770 /* TopCell.xib */ = {isa = PBXFileReference; lastKnownFileType = file.xib; path = TopCell.xib; sourceTree = "<group>"; };
		36A4325E2AF3426E0070E770 /* SplashViewController.swift */ = {isa = PBXFileReference; lastKnownFileType = sourcecode.swift; path = SplashViewController.swift; sourceTree = "<group>"; };
		36A4325F2AF3426E0070E770 /* SplashViewController.xib */ = {isa = PBXFileReference; lastKnownFileType = file.xib; path = SplashViewController.xib; sourceTree = "<group>"; };
		36A432622AF3767B0070E770 /* MiddleCell.swift */ = {isa = PBXFileReference; lastKnownFileType = sourcecode.swift; path = MiddleCell.swift; sourceTree = "<group>"; };
		36A432632AF3767B0070E770 /* MiddleCell.xib */ = {isa = PBXFileReference; lastKnownFileType = file.xib; path = MiddleCell.xib; sourceTree = "<group>"; };
		36A432672AF378C10070E770 /* FoodCell.swift */ = {isa = PBXFileReference; lastKnownFileType = sourcecode.swift; path = FoodCell.swift; sourceTree = "<group>"; };
		36A432682AF378C10070E770 /* FoodCell.xib */ = {isa = PBXFileReference; lastKnownFileType = file.xib; path = FoodCell.xib; sourceTree = "<group>"; };
		36A4326B2AF38B6B0070E770 /* ItemModel.swift */ = {isa = PBXFileReference; lastKnownFileType = sourcecode.swift; path = ItemModel.swift; sourceTree = "<group>"; };
		36A4326D2AF3A31A0070E770 /* BottomCell.swift */ = {isa = PBXFileReference; lastKnownFileType = sourcecode.swift; path = BottomCell.swift; sourceTree = "<group>"; };
		36A4326E2AF3A31A0070E770 /* BottomCell.xib */ = {isa = PBXFileReference; lastKnownFileType = file.xib; path = BottomCell.xib; sourceTree = "<group>"; };
		36C287372B0478E400F17ADA /* Constants.swift */ = {isa = PBXFileReference; fileEncoding = 4; lastKnownFileType = sourcecode.swift; path = Constants.swift; sourceTree = "<group>"; };
		36C2873D2B047A6800F17ADA /* TabBarViewController.swift */ = {isa = PBXFileReference; fileEncoding = 4; lastKnownFileType = sourcecode.swift; path = TabBarViewController.swift; sourceTree = "<group>"; };
		36D38E5C2AEA606900168143 /* ExtUIView.swift */ = {isa = PBXFileReference; lastKnownFileType = sourcecode.swift; path = ExtUIView.swift; sourceTree = "<group>"; };
		36D38E5E2AEA69FA00168143 /* ExtUILabel.swift */ = {isa = PBXFileReference; lastKnownFileType = sourcecode.swift; path = ExtUILabel.swift; sourceTree = "<group>"; };
		36D38E602AEA6A3800168143 /* ExtUIImageView.swift */ = {isa = PBXFileReference; lastKnownFileType = sourcecode.swift; path = ExtUIImageView.swift; sourceTree = "<group>"; };
		36F2C2B82AE9FC590044729F /* EditProfileViewController.swift */ = {isa = PBXFileReference; lastKnownFileType = sourcecode.swift; path = EditProfileViewController.swift; sourceTree = "<group>"; };
		36F2C2B92AE9FC590044729F /* EditProfileViewController.xib */ = {isa = PBXFileReference; lastKnownFileType = file.xib; path = EditProfileViewController.xib; sourceTree = "<group>"; };
		36F741EE2AF095A400CAB136 /* DashboardViewController.xib */ = {isa = PBXFileReference; lastKnownFileType = file.xib; path = DashboardViewController.xib; sourceTree = "<group>"; };
		36F741F62AF09A7B00CAB136 /* ThreadsViewController.swift */ = {isa = PBXFileReference; lastKnownFileType = sourcecode.swift; path = ThreadsViewController.swift; sourceTree = "<group>"; };
		36F741F72AF09A7B00CAB136 /* ThreadsViewController.xib */ = {isa = PBXFileReference; lastKnownFileType = file.xib; path = ThreadsViewController.xib; sourceTree = "<group>"; };
		36F741FB2AF0A3A500CAB136 /* SettingViewController.swift */ = {isa = PBXFileReference; lastKnownFileType = sourcecode.swift; path = SettingViewController.swift; sourceTree = "<group>"; };
		36F741FC2AF0A3A500CAB136 /* SettingViewController.xib */ = {isa = PBXFileReference; lastKnownFileType = file.xib; path = SettingViewController.xib; sourceTree = "<group>"; };
		36FD066F2AEA445A0088F415 /* TabelViewController.swift */ = {isa = PBXFileReference; lastKnownFileType = sourcecode.swift; path = TabelViewController.swift; sourceTree = "<group>"; };
		36FD06702AEA445A0088F415 /* TabelViewController.xib */ = {isa = PBXFileReference; lastKnownFileType = file.xib; path = TabelViewController.xib; sourceTree = "<group>"; };
		36FE9FBA2AF217AA00EBF492 /* RegisterViewController.swift */ = {isa = PBXFileReference; lastKnownFileType = sourcecode.swift; path = RegisterViewController.swift; sourceTree = "<group>"; };
		36FE9FBB2AF217AA00EBF492 /* RegisterViewController.xib */ = {isa = PBXFileReference; lastKnownFileType = file.xib; path = RegisterViewController.xib; sourceTree = "<group>"; };
		5B264E3A1B46DE53575CBD8E /* Pods-profileUI-profileUIUITests.release.xcconfig */ = {isa = PBXFileReference; includeInIndex = 1; lastKnownFileType = text.xcconfig; name = "Pods-profileUI-profileUIUITests.release.xcconfig"; path = "Target Support Files/Pods-profileUI-profileUIUITests/Pods-profileUI-profileUIUITests.release.xcconfig"; sourceTree = "<group>"; };
		6B7657C59538F03F2CEDCAFF /* Pods-profileUI.debug.xcconfig */ = {isa = PBXFileReference; includeInIndex = 1; lastKnownFileType = text.xcconfig; name = "Pods-profileUI.debug.xcconfig"; path = "Target Support Files/Pods-profileUI/Pods-profileUI.debug.xcconfig"; sourceTree = "<group>"; };
		7E46680CE78247AA1684D315 /* Pods-profileUITests.debug.xcconfig */ = {isa = PBXFileReference; includeInIndex = 1; lastKnownFileType = text.xcconfig; name = "Pods-profileUITests.debug.xcconfig"; path = "Target Support Files/Pods-profileUITests/Pods-profileUITests.debug.xcconfig"; sourceTree = "<group>"; };
		7F18C5943AA70223C4F983F3 /* Pods_profileUI_profileUIUITests.framework */ = {isa = PBXFileReference; explicitFileType = wrapper.framework; includeInIndex = 0; path = Pods_profileUI_profileUIUITests.framework; sourceTree = BUILT_PRODUCTS_DIR; };
		85CFF387538C630CFB282761 /* Pods_profileUITests.framework */ = {isa = PBXFileReference; explicitFileType = wrapper.framework; includeInIndex = 0; path = Pods_profileUITests.framework; sourceTree = BUILT_PRODUCTS_DIR; };
		AC7DBD24E4009B87B24F5964 /* Pods-profileUI-profileUIUITests.debug.xcconfig */ = {isa = PBXFileReference; includeInIndex = 1; lastKnownFileType = text.xcconfig; name = "Pods-profileUI-profileUIUITests.debug.xcconfig"; path = "Target Support Files/Pods-profileUI-profileUIUITests/Pods-profileUI-profileUIUITests.debug.xcconfig"; sourceTree = "<group>"; };
		B0465A821D82AB1226D1B74E /* Pods-profileUI.release.xcconfig */ = {isa = PBXFileReference; includeInIndex = 1; lastKnownFileType = text.xcconfig; name = "Pods-profileUI.release.xcconfig"; path = "Target Support Files/Pods-profileUI/Pods-profileUI.release.xcconfig"; sourceTree = "<group>"; };
/* End PBXFileReference section */

/* Begin PBXFrameworksBuildPhase section */
		36019BEC2AE8EF1400C07588 /* Frameworks */ = {
			isa = PBXFrameworksBuildPhase;
			buildActionMask = 2147483647;
			files = (
				D0F53AA830DE866FF5C4E6E2 /* Pods_profileUI.framework in Frameworks */,
			);
			runOnlyForDeploymentPostprocessing = 0;
		};
		36019C022AE8EF1500C07588 /* Frameworks */ = {
			isa = PBXFrameworksBuildPhase;
			buildActionMask = 2147483647;
			files = (
				888FDA586574E30D86664339 /* Pods_profileUITests.framework in Frameworks */,
			);
			runOnlyForDeploymentPostprocessing = 0;
		};
		36019C0C2AE8EF1500C07588 /* Frameworks */ = {
			isa = PBXFrameworksBuildPhase;
			buildActionMask = 2147483647;
			files = (
				E9BAF449BBC15A4FE59464A1 /* Pods_profileUI_profileUIUITests.framework in Frameworks */,
			);
			runOnlyForDeploymentPostprocessing = 0;
		};
/* End PBXFrameworksBuildPhase section */

/* Begin PBXGroup section */
		1942DB91254730E56E19DE0F /* Frameworks */ = {
			isa = PBXGroup;
			children = (
				268C09B0267C50ACA61FB302 /* Pods_profileUI.framework */,
				7F18C5943AA70223C4F983F3 /* Pods_profileUI_profileUIUITests.framework */,
				85CFF387538C630CFB282761 /* Pods_profileUITests.framework */,
			);
			name = Frameworks;
			sourceTree = "<group>";
		};
		36019BE62AE8EF1400C07588 = {
			isa = PBXGroup;
			children = (
				36019BF12AE8EF1400C07588 /* profileUI */,
				36019C082AE8EF1500C07588 /* profileUITests */,
				36019C122AE8EF1500C07588 /* profileUIUITests */,
				36019BF02AE8EF1400C07588 /* Products */,
				E8F966920498A041B7496AC8 /* Pods */,
				1942DB91254730E56E19DE0F /* Frameworks */,
			);
			sourceTree = "<group>";
		};
		36019BF02AE8EF1400C07588 /* Products */ = {
			isa = PBXGroup;
			children = (
				36019BEF2AE8EF1400C07588 /* profileUI.app */,
				36019C052AE8EF1500C07588 /* profileUITests.xctest */,
				36019C0F2AE8EF1500C07588 /* profileUIUITests.xctest */,
			);
			name = Products;
			sourceTree = "<group>";
		};
		36019BF12AE8EF1400C07588 /* profileUI */ = {
			isa = PBXGroup;
			children = (
				365BA6D12AEBABF900CF478C /* Localizable */,
				36FD06732AEA45080088F415 /* App */,
				36FD06742AEA45100088F415 /* Common */,
				36FD06752AEA451C0088F415 /* Resource */,
				36FD06762AEA45260088F415 /* Module */,
				36019C002AE8EF1500C07588 /* Info.plist */,
			);
			path = profileUI;
			sourceTree = "<group>";
		};
		36019C082AE8EF1500C07588 /* profileUITests */ = {
			isa = PBXGroup;
			children = (
				36019C092AE8EF1500C07588 /* profileUITests.swift */,
			);
			path = profileUITests;
			sourceTree = "<group>";
		};
		36019C122AE8EF1500C07588 /* profileUIUITests */ = {
			isa = PBXGroup;
			children = (
				36019C132AE8EF1500C07588 /* profileUIUITests.swift */,
				36019C152AE8EF1500C07588 /* profileUIUITestsLaunchTests.swift */,
			);
			path = profileUIUITests;
			sourceTree = "<group>";
		};
		3603F09B2AFA0A13007EAD10 /* SearchBar */ = {
			isa = PBXGroup;
			children = (
				3603F09C2AFA0A5C007EAD10 /* SearchBar.swift */,
				3603F0A22AFA0AD6007EAD10 /* SearchBar.xib */,
			);
			path = SearchBar;
			sourceTree = "<group>";
		};
		360B3A382AEFB17000FD98BB /* DashboardView */ = {
			isa = PBXGroup;
			children = (
				36A432662AF3772B0070E770 /* CollectionCell */,
				36A432562AF336420070E770 /* TableCell */,
				367BDE1F2B01C51C000D2965 /* DashboardViewModel.swift */,
				36F741EE2AF095A400CAB136 /* DashboardViewController.xib */,
				36354F712AF4A7B100EBDD90 /* DashboardViewController.swift */,
			);
			path = DashboardView;
			sourceTree = "<group>";
		};
		360B3A402AEFB57400FD98BB /* ProfileView */ = {
			isa = PBXGroup;
			children = (
				360B3A412AEFB5B000FD98BB /* ProfileViewController.swift */,
				360B3A422AEFB5B000FD98BB /* ProfileViewController.xib */,
				368FD8042B01F761006AEABE /* ProfileViewModel.swift */,
			);
			path = ProfileView;
			sourceTree = "<group>";
		};
		36354F732AF4CE8B00EBDD90 /* CartView */ = {
			isa = PBXGroup;
			children = (
				368E86722AFDD047002064E1 /* ResultView */,
				368D99772AFB6F120072A977 /* FloatingPanel */,
				36354F782AF9C60D00EBDD90 /* TableCell */,
				36354F742AF4CEAE00EBDD90 /* CartViewController.swift */,
				36354F752AF4CEAE00EBDD90 /* CartViewController.xib */,
			);
			path = CartView;
			sourceTree = "<group>";
		};
		36354F782AF9C60D00EBDD90 /* TableCell */ = {
			isa = PBXGroup;
			children = (
				36354F7D2AF9C68D00EBDD90 /* CartCell.swift */,
				36354F7E2AF9C68D00EBDD90 /* CartCell.xib */,
			);
			path = TableCell;
			sourceTree = "<group>";
		};
		36354F8A2AF9D20100EBDD90 /* FetchView */ = {
			isa = PBXGroup;
			children = (
				36354F8B2AF9D22A00EBDD90 /* FetchViewController.swift */,
				36354F8C2AF9D22A00EBDD90 /* FetchViewController.xib */,
			);
			path = FetchView;
			sourceTree = "<group>";
		};
		36354F8F2AF9DC4F00EBDD90 /* PostView */ = {
			isa = PBXGroup;
			children = (
				36354F902AF9DC6600EBDD90 /* PostViewController.swift */,
				36354F912AF9DC6600EBDD90 /* PostViewController.xib */,
			);
			path = PostView;
			sourceTree = "<group>";
		};
		365BA6D12AEBABF900CF478C /* Localizable */ = {
			isa = PBXGroup;
			children = (
				365BA6D62AEBAC4300CF478C /* Localizable.strings */,
			);
			path = Localizable;
			sourceTree = "<group>";
		};
		365BA6DD2AEBB52C00CF478C /* Models */ = {
			isa = PBXGroup;
			children = (
				36A432542AF32B070070E770 /* UserModel.swift */,
				36A4326B2AF38B6B0070E770 /* ItemModel.swift */,
				36354F862AF9D12B00EBDD90 /* ToDo.swift */,
				36354F942AF9E1B000EBDD90 /* Food.swift */,
			);
			path = Models;
			sourceTree = "<group>";
		};
		365BA6E22AEBBB3000CF478C /* ScrollView */ = {
			isa = PBXGroup;
			children = (
				365BA6E02AEBBABE00CF478C /* ScrollViewController.swift */,
			);
			path = ScrollView;
			sourceTree = "<group>";
		};
		365BA6E32AEBC0ED00CF478C /* Class */ = {
			isa = PBXGroup;
			children = (
				368FD7F82B01C851006AEABE /* CoreDataManager.swift */,
				368FD8082B02002F006AEABE /* AuthService.swift */,
			);
			path = Class;
			sourceTree = "<group>";
		};
		365BA6E62AEF3A9800CF478C /* SectionView */ = {
			isa = PBXGroup;
			children = (
				365BA6FB2AEF507200CF478C /* ColletionCell */,
				365BA6EB2AEF3B1900CF478C /* TableCell */,
				365BA6F72AEF4E5F00CF478C /* SectionViewController.swift */,
				365BA6F82AEF4E5F00CF478C /* SectionViewController.xib */,
			);
			path = SectionView;
			sourceTree = "<group>";
		};
		365BA6EB2AEF3B1900CF478C /* TableCell */ = {
			isa = PBXGroup;
			children = (
				365BA6EC2AEF3B5700CF478C /* ToolCell.swift */,
				365BA6ED2AEF3B5700CF478C /* ToolCell.xib */,
			);
			path = TableCell;
			sourceTree = "<group>";
		};
		365BA6FB2AEF507200CF478C /* ColletionCell */ = {
			isa = PBXGroup;
			children = (
				365BA6FC2AEF509F00CF478C /* BannerCell.swift */,
				365BA6FD2AEF509F00CF478C /* BannerCell.xib */,
			);
			path = ColletionCell;
			sourceTree = "<group>";
		};
		366FF0912AEFB09900F74907 /* MainTabBar */ = {
			isa = PBXGroup;
			children = (
				36C2873D2B047A6800F17ADA /* TabBarViewController.swift */,
			);
			path = MainTabBar;
			sourceTree = "<group>";
		};
		367B0BA22AEB61B7009E72D4 /* DetailsView */ = {
			isa = PBXGroup;
			children = (
				367B0B9E2AEB61B1009E72D4 /* DetailsViewController.swift */,
				367B0B9F2AEB61B1009E72D4 /* DetailsViewController.xib */,
				368FD8022B01F3EC006AEABE /* DetailsViewModel.swift */,
			);
			path = DetailsView;
			sourceTree = "<group>";
		};
		367B0BA92AEB9359009E72D4 /* CollectionView */ = {
			isa = PBXGroup;
			children = (
				367B0BB22AEB94CB009E72D4 /* Cell */,
				367B0BAE2AEB943F009E72D4 /* CollectionViewController.swift */,
				367B0BAF2AEB943F009E72D4 /* CollectionViewController.xib */,
			);
			path = CollectionView;
			sourceTree = "<group>";
		};
		367B0BB22AEB94CB009E72D4 /* Cell */ = {
			isa = PBXGroup;
			children = (
				367B0BB32AEB9511009E72D4 /* DrinkCell.swift */,
				367B0BB42AEB9511009E72D4 /* DrinkCell.xib */,
			);
			path = Cell;
			sourceTree = "<group>";
		};
		368D99772AFB6F120072A977 /* FloatingPanel */ = {
			isa = PBXGroup;
			children = (
				368D99782AFB6F320072A977 /* FloatingPanelView.swift */,
				368D99792AFB6F320072A977 /* FloatingPanelView.xib */,
			);
			path = FloatingPanel;
			sourceTree = "<group>";
		};
		368E86722AFDD047002064E1 /* ResultView */ = {
			isa = PBXGroup;
			children = (
				368E86732AFDD06C002064E1 /* ResultViewController.swift */,
				368E86742AFDD06C002064E1 /* ResultViewController.xib */,
			);
			path = ResultView;
			sourceTree = "<group>";
		};
		369921B32AF0CBBC00DC4601 /* LoginView */ = {
			isa = PBXGroup;
			children = (
				369921B52AF0CBE200DC4601 /* LoginViewController.swift */,
				369921B62AF0CBE200DC4601 /* LoginViewController.xib */,
				368FD7FC2B01DCF0006AEABE /* LoginViewModel.swift */,
			);
			path = LoginView;
			sourceTree = "<group>";
		};
		369921B92AF0E2C900DC4601 /* InputField */ = {
			isa = PBXGroup;
			children = (
				369921BA2AF0E2E200DC4601 /* InputField.swift */,
				369921BC2AF0E2EE00DC4601 /* InputField.xib */,
			);
			path = InputField;
			sourceTree = "<group>";
		};
		36A432362AF230090070E770 /* Font */ = {
			isa = PBXGroup;
			children = (
				36A432372AF230110070E770 /* Poppins */,
			);
			path = Font;
			sourceTree = "<group>";
		};
		36A432372AF230110070E770 /* Poppins */ = {
			isa = PBXGroup;
			children = (
				36A432482AF2302B0070E770 /* Poppins-Black.ttf */,
				36A432442AF2302B0070E770 /* Poppins-BlackItalic.ttf */,
				36A432412AF2302B0070E770 /* Poppins-Bold.ttf */,
				36A4323F2AF2302B0070E770 /* Poppins-BoldItalic.ttf */,
				36A4323E2AF2302B0070E770 /* Poppins-ExtraBold.ttf */,
				36A432422AF2302B0070E770 /* Poppins-ExtraBoldItalic.ttf */,
				36A432472AF2302B0070E770 /* Poppins-ExtraLight.ttf */,
				36A4323B2AF2302B0070E770 /* Poppins-ExtraLightItalic.ttf */,
				36A4323A2AF2302B0070E770 /* Poppins-Italic.ttf */,
				36A4323C2AF2302B0070E770 /* Poppins-Light.ttf */,
				36A432392AF2302B0070E770 /* Poppins-LightItalic.ttf */,
				36A432462AF2302B0070E770 /* Poppins-Medium.ttf */,
				36A4323D2AF2302B0070E770 /* Poppins-MediumItalic.ttf */,
				36A432432AF2302B0070E770 /* Poppins-Regular.ttf */,
				36A432492AF2302B0070E770 /* Poppins-SemiBold.ttf */,
				36A432402AF2302B0070E770 /* Poppins-SemiBoldItalic.ttf */,
				36A432452AF2302B0070E770 /* Poppins-Thin.ttf */,
				36A432382AF2302A0070E770 /* Poppins-ThinItalic.ttf */,
			);
			path = Poppins;
			sourceTree = "<group>";
		};
		36A432562AF336420070E770 /* TableCell */ = {
			isa = PBXGroup;
			children = (
				36A432572AF336750070E770 /* TopCell.swift */,
				36A432582AF336750070E770 /* TopCell.xib */,
				36A432622AF3767B0070E770 /* MiddleCell.swift */,
				36A432632AF3767B0070E770 /* MiddleCell.xib */,
				36A4326D2AF3A31A0070E770 /* BottomCell.swift */,
				36A4326E2AF3A31A0070E770 /* BottomCell.xib */,
			);
			path = TableCell;
			sourceTree = "<group>";
		};
		36A4325B2AF340AF0070E770 /* SplashView */ = {
			isa = PBXGroup;
			children = (
				36A4325E2AF3426E0070E770 /* SplashViewController.swift */,
				36A4325F2AF3426E0070E770 /* SplashViewController.xib */,
				368FD7FA2B01D143006AEABE /* SplashViewModel.swift */,
			);
			path = SplashView;
			sourceTree = "<group>";
		};
		36A432662AF3772B0070E770 /* CollectionCell */ = {
			isa = PBXGroup;
			children = (
				36A432672AF378C10070E770 /* FoodCell.swift */,
				36A432682AF378C10070E770 /* FoodCell.xib */,
			);
			path = CollectionCell;
			sourceTree = "<group>";
		};
		36F741F12AF099E700CAB136 /* ThreadsView */ = {
			isa = PBXGroup;
			children = (
				36F741F62AF09A7B00CAB136 /* ThreadsViewController.swift */,
				36F741F72AF09A7B00CAB136 /* ThreadsViewController.xib */,
			);
			path = ThreadsView;
			sourceTree = "<group>";
		};
		36F741FA2AF0A38300CAB136 /* SettingView */ = {
			isa = PBXGroup;
			children = (
				36F741FB2AF0A3A500CAB136 /* SettingViewController.swift */,
				36F741FC2AF0A3A500CAB136 /* SettingViewController.xib */,
			);
			path = SettingView;
			sourceTree = "<group>";
		};
		36FD06732AEA45080088F415 /* App */ = {
			isa = PBXGroup;
			children = (
				36019BF42AE8EF1400C07588 /* SceneDelegate.swift */,
				36019BF22AE8EF1400C07588 /* AppDelegate.swift */,
			);
			path = App;
			sourceTree = "<group>";
		};
		36FD06742AEA45100088F415 /* Common */ = {
			isa = PBXGroup;
			children = (
				365BA6E32AEBC0ED00CF478C /* Class */,
				36FD06792AEA457F0088F415 /* Component */,
				36FD06782AEA45700088F415 /* Network */,
				36FD06772AEA45660088F415 /* Extension */,
				36C287372B0478E400F17ADA /* Constants.swift */,
			);
			path = Common;
			sourceTree = "<group>";
		};
		36FD06752AEA451C0088F415 /* Resource */ = {
			isa = PBXGroup;
			children = (
				36A432362AF230090070E770 /* Font */,
				36019BFB2AE8EF1500C07588 /* Assets.xcassets */,
				36019BFD2AE8EF1500C07588 /* LaunchScreen.storyboard */,
				36354F812AF9CCEF00EBDD90 /* DataModel.xcdatamodeld */,
			);
			path = Resource;
			sourceTree = "<group>";
		};
		36FD06762AEA45260088F415 /* Module */ = {
			isa = PBXGroup;
			children = (
				365BA6DD2AEBB52C00CF478C /* Models */,
				36A4325B2AF340AF0070E770 /* SplashView */,
				369921B32AF0CBBC00DC4601 /* LoginView */,
				36FE9FB92AF2177100EBF492 /* RegisterView */,
				366FF0912AEFB09900F74907 /* MainTabBar */,
				360B3A382AEFB17000FD98BB /* DashboardView */,
				367B0BA22AEB61B7009E72D4 /* DetailsView */,
				360B3A402AEFB57400FD98BB /* ProfileView */,
				36FD067B2AEA45BF0088F415 /* EditProfileView */,
				36354F732AF4CE8B00EBDD90 /* CartView */,
				36354F8F2AF9DC4F00EBDD90 /* PostView */,
				36354F8A2AF9D20100EBDD90 /* FetchView */,
				36F741FA2AF0A38300CAB136 /* SettingView */,
				36F741F12AF099E700CAB136 /* ThreadsView */,
				365BA6E62AEF3A9800CF478C /* SectionView */,
				365BA6E22AEBBB3000CF478C /* ScrollView */,
				367B0BA92AEB9359009E72D4 /* CollectionView */,
				36FD067D2AEA46170088F415 /* TabelView */,
				36FD067C2AEA46020088F415 /* HalfScrollView */,
			);
			path = Module;
			sourceTree = "<group>";
		};
		36FD06772AEA45660088F415 /* Extension */ = {
			isa = PBXGroup;
			children = (
				360F6AFB2AEA4C3F004BE3CE /* ExtTableView.swift */,
				36D38E5C2AEA606900168143 /* ExtUIView.swift */,
				36D38E5E2AEA69FA00168143 /* ExtUILabel.swift */,
				36D38E602AEA6A3800168143 /* ExtUIImageView.swift */,
				367B0B972AEB5A97009E72D4 /* ExtInt.swift */,
				367B0B9B2AEB609F009E72D4 /* ExtUIButton.swift */,
				367B0BAC2AEB93EC009E72D4 /* ExtUICollectionView.swift */,
				365BA6D92AEBB06B00CF478C /* ExtString.swift */,
				365BA6DE2AEBB9D500CF478C /* ExtUIViewController.swift */,
				36354F842AF9CE9300EBDD90 /* ExtFloat.swift */,
				36354F882AF9D1E100EBDD90 /* ExtURLSession.swift */,
			);
			path = Extension;
			sourceTree = "<group>";
		};
		36FD06782AEA45700088F415 /* Network */ = {
			isa = PBXGroup;
			children = (
				36301F902AF48FFB00E8BFF5 /* ApiManager.swift */,
				36301F932AF490D200E8BFF5 /* Endpoint.swift */,
			);
			path = Network;
			sourceTree = "<group>";
		};
		36FD06792AEA457F0088F415 /* Component */ = {
			isa = PBXGroup;
			children = (
				3603F09B2AFA0A13007EAD10 /* SearchBar */,
				369921B92AF0E2C900DC4601 /* InputField */,
			);
			path = Component;
			sourceTree = "<group>";
		};
		36FD067B2AEA45BF0088F415 /* EditProfileView */ = {
			isa = PBXGroup;
			children = (
				36F2C2B82AE9FC590044729F /* EditProfileViewController.swift */,
				36F2C2B92AE9FC590044729F /* EditProfileViewController.xib */,
				368FD8062B01FC51006AEABE /* EditProfileViewModel.swift */,
			);
			path = EditProfileView;
			sourceTree = "<group>";
		};
		36FD067C2AEA46020088F415 /* HalfScrollView */ = {
			isa = PBXGroup;
			children = (
				367562982AEA22D800F0A86F /* HalfScrollViewController.swift */,
				367562992AEA22D800F0A86F /* HalfScrollViewController.xib */,
			);
			path = HalfScrollView;
			sourceTree = "<group>";
		};
		36FD067D2AEA46170088F415 /* TabelView */ = {
			isa = PBXGroup;
			children = (
				36FD067E2AEA47A60088F415 /* Cell */,
				36FD06702AEA445A0088F415 /* TabelViewController.xib */,
				36FD066F2AEA445A0088F415 /* TabelViewController.swift */,
			);
			path = TabelView;
			sourceTree = "<group>";
		};
		36FD067E2AEA47A60088F415 /* Cell */ = {
			isa = PBXGroup;
			children = (
			);
			path = Cell;
			sourceTree = "<group>";
		};
		36FE9FB92AF2177100EBF492 /* RegisterView */ = {
			isa = PBXGroup;
			children = (
				36FE9FBA2AF217AA00EBF492 /* RegisterViewController.swift */,
				36FE9FBB2AF217AA00EBF492 /* RegisterViewController.xib */,
				368FD7FE2B01E1EE006AEABE /* RegisterViewModel.swift */,
			);
			path = RegisterView;
			sourceTree = "<group>";
		};
		E8F966920498A041B7496AC8 /* Pods */ = {
			isa = PBXGroup;
			children = (
				6B7657C59538F03F2CEDCAFF /* Pods-profileUI.debug.xcconfig */,
				B0465A821D82AB1226D1B74E /* Pods-profileUI.release.xcconfig */,
				AC7DBD24E4009B87B24F5964 /* Pods-profileUI-profileUIUITests.debug.xcconfig */,
				5B264E3A1B46DE53575CBD8E /* Pods-profileUI-profileUIUITests.release.xcconfig */,
				7E46680CE78247AA1684D315 /* Pods-profileUITests.debug.xcconfig */,
				113F20FD03091ABA2C892443 /* Pods-profileUITests.release.xcconfig */,
			);
			path = Pods;
			sourceTree = "<group>";
		};
/* End PBXGroup section */

/* Begin PBXNativeTarget section */
		36019BEE2AE8EF1400C07588 /* profileUI */ = {
			isa = PBXNativeTarget;
			buildConfigurationList = 36019C192AE8EF1500C07588 /* Build configuration list for PBXNativeTarget "profileUI" */;
			buildPhases = (
				1F2DB5007B4D701E26BEEC9B /* [CP] Check Pods Manifest.lock */,
				36019BEB2AE8EF1400C07588 /* Sources */,
				36019BEC2AE8EF1400C07588 /* Frameworks */,
				36019BED2AE8EF1400C07588 /* Resources */,
				2711A7C6CB2ACD5C42B18591 /* [CP] Embed Pods Frameworks */,
			);
			buildRules = (
			);
			dependencies = (
			);
			name = profileUI;
			packageProductDependencies = (
			);
			productName = profileUI;
			productReference = 36019BEF2AE8EF1400C07588 /* profileUI.app */;
			productType = "com.apple.product-type.application";
		};
		36019C042AE8EF1500C07588 /* profileUITests */ = {
			isa = PBXNativeTarget;
			buildConfigurationList = 36019C1C2AE8EF1500C07588 /* Build configuration list for PBXNativeTarget "profileUITests" */;
			buildPhases = (
				15CC65BA9568D3E990C1E481 /* [CP] Check Pods Manifest.lock */,
				36019C012AE8EF1500C07588 /* Sources */,
				36019C022AE8EF1500C07588 /* Frameworks */,
				36019C032AE8EF1500C07588 /* Resources */,
			);
			buildRules = (
			);
			dependencies = (
				36019C072AE8EF1500C07588 /* PBXTargetDependency */,
			);
			name = profileUITests;
			productName = profileUITests;
			productReference = 36019C052AE8EF1500C07588 /* profileUITests.xctest */;
			productType = "com.apple.product-type.bundle.unit-test";
		};
		36019C0E2AE8EF1500C07588 /* profileUIUITests */ = {
			isa = PBXNativeTarget;
			buildConfigurationList = 36019C1F2AE8EF1500C07588 /* Build configuration list for PBXNativeTarget "profileUIUITests" */;
			buildPhases = (
				8F0744318C2C26C30B04C4BF /* [CP] Check Pods Manifest.lock */,
				36019C0B2AE8EF1500C07588 /* Sources */,
				36019C0C2AE8EF1500C07588 /* Frameworks */,
				36019C0D2AE8EF1500C07588 /* Resources */,
				BC7C1E29EADDE3F4F5618662 /* [CP] Embed Pods Frameworks */,
			);
			buildRules = (
			);
			dependencies = (
				36019C112AE8EF1500C07588 /* PBXTargetDependency */,
			);
			name = profileUIUITests;
			productName = profileUIUITests;
			productReference = 36019C0F2AE8EF1500C07588 /* profileUIUITests.xctest */;
			productType = "com.apple.product-type.bundle.ui-testing";
		};
/* End PBXNativeTarget section */

/* Begin PBXProject section */
		36019BE72AE8EF1400C07588 /* Project object */ = {
			isa = PBXProject;
			attributes = {
				BuildIndependentTargetsInParallel = 1;
				LastSwiftUpdateCheck = 1420;
				LastUpgradeCheck = 1420;
				TargetAttributes = {
					36019BEE2AE8EF1400C07588 = {
						CreatedOnToolsVersion = 14.2;
					};
					36019C042AE8EF1500C07588 = {
						CreatedOnToolsVersion = 14.2;
						TestTargetID = 36019BEE2AE8EF1400C07588;
					};
					36019C0E2AE8EF1500C07588 = {
						CreatedOnToolsVersion = 14.2;
						TestTargetID = 36019BEE2AE8EF1400C07588;
					};
				};
			};
			buildConfigurationList = 36019BEA2AE8EF1400C07588 /* Build configuration list for PBXProject "profileUI" */;
			compatibilityVersion = "Xcode 13.0";
			developmentRegion = en;
			hasScannedForEncodings = 0;
			knownRegions = (
				en,
				Base,
				de,
				ru,
			);
			mainGroup = 36019BE62AE8EF1400C07588;
			packageReferences = (
			);
			productRefGroup = 36019BF02AE8EF1400C07588 /* Products */;
			projectDirPath = "";
			projectRoot = "";
			targets = (
				36019BEE2AE8EF1400C07588 /* profileUI */,
				36019C042AE8EF1500C07588 /* profileUITests */,
				36019C0E2AE8EF1500C07588 /* profileUIUITests */,
			);
		};
/* End PBXProject section */

/* Begin PBXResourcesBuildPhase section */
		36019BED2AE8EF1400C07588 /* Resources */ = {
			isa = PBXResourcesBuildPhase;
			buildActionMask = 2147483647;
			files = (
				3603F0A32AFA0AD6007EAD10 /* SearchBar.xib in Resources */,
				36F741F92AF09A7B00CAB136 /* ThreadsViewController.xib in Resources */,
				36F741FE2AF0A3A500CAB136 /* SettingViewController.xib in Resources */,
				36FE9FBD2AF217AA00EBF492 /* RegisterViewController.xib in Resources */,
				36F2C2BB2AE9FC590044729F /* EditProfileViewController.xib in Resources */,
				36354F932AF9DC6600EBDD90 /* PostViewController.xib in Resources */,
				36A4324B2AF230590070E770 /* Poppins-BlackItalic.ttf in Resources */,
				36A432532AF23DA80070E770 /* Poppins-Medium.ttf in Resources */,
				36A4324A2AF230530070E770 /* Poppins-Black.ttf in Resources */,
				36A4324E2AF23D810070E770 /* Poppins-SemiBold.ttf in Resources */,
				369921B82AF0CBE200DC4601 /* LoginViewController.xib in Resources */,
				36A4324C2AF2305C0070E770 /* Poppins-Bold.ttf in Resources */,
				368D997B2AFB6F320072A977 /* FloatingPanelView.xib in Resources */,
				3675629B2AEA22D800F0A86F /* HalfScrollViewController.xib in Resources */,
				365BA6D42AEBAC4300CF478C /* Localizable.strings in Resources */,
				36A4326A2AF378C10070E770 /* FoodCell.xib in Resources */,
				360B3A442AEFB5B000FD98BB /* ProfileViewController.xib in Resources */,
				36A432612AF3426E0070E770 /* SplashViewController.xib in Resources */,
				365BA6FF2AEF509F00CF478C /* BannerCell.xib in Resources */,
				36354F802AF9C68D00EBDD90 /* CartCell.xib in Resources */,
				36354F772AF4CEAE00EBDD90 /* CartViewController.xib in Resources */,
				36019BFF2AE8EF1500C07588 /* LaunchScreen.storyboard in Resources */,
				36354F8E2AF9D22A00EBDD90 /* FetchViewController.xib in Resources */,
				36A432652AF3767B0070E770 /* MiddleCell.xib in Resources */,
				367B0BB62AEB9511009E72D4 /* DrinkCell.xib in Resources */,
				36A4324D2AF23D7C0070E770 /* Poppins-Regular.ttf in Resources */,
				368E86762AFDD06C002064E1 /* ResultViewController.xib in Resources */,
				36A4324F2AF23D830070E770 /* Poppins-SemiBoldItalic.ttf in Resources */,
				36019BFC2AE8EF1500C07588 /* Assets.xcassets in Resources */,
				36FD06722AEA445A0088F415 /* TabelViewController.xib in Resources */,
				365BA6FA2AEF4E5F00CF478C /* SectionViewController.xib in Resources */,
				36A432522AF23DA50070E770 /* Poppins-Italic.ttf in Resources */,
				367B0BB12AEB943F009E72D4 /* CollectionViewController.xib in Resources */,
				365BA6EF2AEF3B5700CF478C /* ToolCell.xib in Resources */,
				36A432702AF3A31A0070E770 /* BottomCell.xib in Resources */,
				36A432502AF23D860070E770 /* Poppins-Thin.ttf in Resources */,
				367B0BA12AEB61B1009E72D4 /* DetailsViewController.xib in Resources */,
				36A432512AF23D880070E770 /* Poppins-ThinItalic.ttf in Resources */,
				36A4325A2AF336750070E770 /* TopCell.xib in Resources */,
				36F741F02AF095A400CAB136 /* DashboardViewController.xib in Resources */,
				369921BD2AF0E2EE00DC4601 /* InputField.xib in Resources */,
			);
			runOnlyForDeploymentPostprocessing = 0;
		};
		36019C032AE8EF1500C07588 /* Resources */ = {
			isa = PBXResourcesBuildPhase;
			buildActionMask = 2147483647;
			files = (
			);
			runOnlyForDeploymentPostprocessing = 0;
		};
		36019C0D2AE8EF1500C07588 /* Resources */ = {
			isa = PBXResourcesBuildPhase;
			buildActionMask = 2147483647;
			files = (
			);
			runOnlyForDeploymentPostprocessing = 0;
		};
/* End PBXResourcesBuildPhase section */

/* Begin PBXShellScriptBuildPhase section */
		15CC65BA9568D3E990C1E481 /* [CP] Check Pods Manifest.lock */ = {
			isa = PBXShellScriptBuildPhase;
			buildActionMask = 2147483647;
			files = (
			);
			inputFileListPaths = (
			);
			inputPaths = (
				"${PODS_PODFILE_DIR_PATH}/Podfile.lock",
				"${PODS_ROOT}/Manifest.lock",
			);
			name = "[CP] Check Pods Manifest.lock";
			outputFileListPaths = (
			);
			outputPaths = (
				"$(DERIVED_FILE_DIR)/Pods-profileUITests-checkManifestLockResult.txt",
			);
			runOnlyForDeploymentPostprocessing = 0;
			shellPath = /bin/sh;
			shellScript = "diff \"${PODS_PODFILE_DIR_PATH}/Podfile.lock\" \"${PODS_ROOT}/Manifest.lock\" > /dev/null\nif [ $? != 0 ] ; then\n    # print error to STDERR\n    echo \"error: The sandbox is not in sync with the Podfile.lock. Run 'pod install' or update your CocoaPods installation.\" >&2\n    exit 1\nfi\n# This output is used by Xcode 'outputs' to avoid re-running this script phase.\necho \"SUCCESS\" > \"${SCRIPT_OUTPUT_FILE_0}\"\n";
			showEnvVarsInLog = 0;
		};
		1F2DB5007B4D701E26BEEC9B /* [CP] Check Pods Manifest.lock */ = {
			isa = PBXShellScriptBuildPhase;
			buildActionMask = 2147483647;
			files = (
			);
			inputFileListPaths = (
			);
			inputPaths = (
				"${PODS_PODFILE_DIR_PATH}/Podfile.lock",
				"${PODS_ROOT}/Manifest.lock",
			);
			name = "[CP] Check Pods Manifest.lock";
			outputFileListPaths = (
			);
			outputPaths = (
				"$(DERIVED_FILE_DIR)/Pods-profileUI-checkManifestLockResult.txt",
			);
			runOnlyForDeploymentPostprocessing = 0;
			shellPath = /bin/sh;
			shellScript = "diff \"${PODS_PODFILE_DIR_PATH}/Podfile.lock\" \"${PODS_ROOT}/Manifest.lock\" > /dev/null\nif [ $? != 0 ] ; then\n    # print error to STDERR\n    echo \"error: The sandbox is not in sync with the Podfile.lock. Run 'pod install' or update your CocoaPods installation.\" >&2\n    exit 1\nfi\n# This output is used by Xcode 'outputs' to avoid re-running this script phase.\necho \"SUCCESS\" > \"${SCRIPT_OUTPUT_FILE_0}\"\n";
			showEnvVarsInLog = 0;
		};
		2711A7C6CB2ACD5C42B18591 /* [CP] Embed Pods Frameworks */ = {
			isa = PBXShellScriptBuildPhase;
			buildActionMask = 2147483647;
			files = (
			);
			inputFileListPaths = (
				"${PODS_ROOT}/Target Support Files/Pods-profileUI/Pods-profileUI-frameworks-${CONFIGURATION}-input-files.xcfilelist",
			);
			name = "[CP] Embed Pods Frameworks";
			outputFileListPaths = (
				"${PODS_ROOT}/Target Support Files/Pods-profileUI/Pods-profileUI-frameworks-${CONFIGURATION}-output-files.xcfilelist",
			);
			runOnlyForDeploymentPostprocessing = 0;
			shellPath = /bin/sh;
			shellScript = "\"${PODS_ROOT}/Target Support Files/Pods-profileUI/Pods-profileUI-frameworks.sh\"\n";
			showEnvVarsInLog = 0;
		};
		8F0744318C2C26C30B04C4BF /* [CP] Check Pods Manifest.lock */ = {
			isa = PBXShellScriptBuildPhase;
			buildActionMask = 2147483647;
			files = (
			);
			inputFileListPaths = (
			);
			inputPaths = (
				"${PODS_PODFILE_DIR_PATH}/Podfile.lock",
				"${PODS_ROOT}/Manifest.lock",
			);
			name = "[CP] Check Pods Manifest.lock";
			outputFileListPaths = (
			);
			outputPaths = (
				"$(DERIVED_FILE_DIR)/Pods-profileUI-profileUIUITests-checkManifestLockResult.txt",
			);
			runOnlyForDeploymentPostprocessing = 0;
			shellPath = /bin/sh;
			shellScript = "diff \"${PODS_PODFILE_DIR_PATH}/Podfile.lock\" \"${PODS_ROOT}/Manifest.lock\" > /dev/null\nif [ $? != 0 ] ; then\n    # print error to STDERR\n    echo \"error: The sandbox is not in sync with the Podfile.lock. Run 'pod install' or update your CocoaPods installation.\" >&2\n    exit 1\nfi\n# This output is used by Xcode 'outputs' to avoid re-running this script phase.\necho \"SUCCESS\" > \"${SCRIPT_OUTPUT_FILE_0}\"\n";
			showEnvVarsInLog = 0;
		};
		BC7C1E29EADDE3F4F5618662 /* [CP] Embed Pods Frameworks */ = {
			isa = PBXShellScriptBuildPhase;
			buildActionMask = 2147483647;
			files = (
			);
			inputFileListPaths = (
				"${PODS_ROOT}/Target Support Files/Pods-profileUI-profileUIUITests/Pods-profileUI-profileUIUITests-frameworks-${CONFIGURATION}-input-files.xcfilelist",
			);
			name = "[CP] Embed Pods Frameworks";
			outputFileListPaths = (
				"${PODS_ROOT}/Target Support Files/Pods-profileUI-profileUIUITests/Pods-profileUI-profileUIUITests-frameworks-${CONFIGURATION}-output-files.xcfilelist",
			);
			runOnlyForDeploymentPostprocessing = 0;
			shellPath = /bin/sh;
			shellScript = "\"${PODS_ROOT}/Target Support Files/Pods-profileUI-profileUIUITests/Pods-profileUI-profileUIUITests-frameworks.sh\"\n";
			showEnvVarsInLog = 0;
		};
/* End PBXShellScriptBuildPhase section */

/* Begin PBXSourcesBuildPhase section */
		36019BEB2AE8EF1400C07588 /* Sources */ = {
			isa = PBXSourcesBuildPhase;
			buildActionMask = 2147483647;
			files = (
				36354F892AF9D1E100EBDD90 /* ExtURLSession.swift in Sources */,
				36D38E5F2AEA69FA00168143 /* ExtUILabel.swift in Sources */,
				36FD06712AEA445A0088F415 /* TabelViewController.swift in Sources */,
				36A4326C2AF38B6B0070E770 /* ItemModel.swift in Sources */,
				36D38E5D2AEA606900168143 /* ExtUIView.swift in Sources */,
				36A432602AF3426E0070E770 /* SplashViewController.swift in Sources */,
				368FD7F92B01C851006AEABE /* CoreDataManager.swift in Sources */,
				368FD8032B01F3EC006AEABE /* DetailsViewModel.swift in Sources */,
				36C2873E2B047A6800F17ADA /* TabBarViewController.swift in Sources */,
				36F741F82AF09A7B00CAB136 /* ThreadsViewController.swift in Sources */,
				36354F952AF9E1B000EBDD90 /* Food.swift in Sources */,
				367B0B982AEB5A97009E72D4 /* ExtInt.swift in Sources */,
				36F741FD2AF0A3A500CAB136 /* SettingViewController.swift in Sources */,
				368FD8072B01FC51006AEABE /* EditProfileViewModel.swift in Sources */,
				360F6AFC2AEA4C3F004BE3CE /* ExtTableView.swift in Sources */,
				36354F7F2AF9C68D00EBDD90 /* CartCell.swift in Sources */,
				368FD8052B01F761006AEABE /* ProfileViewModel.swift in Sources */,
				36A432552AF32B070070E770 /* UserModel.swift in Sources */,
				36354F852AF9CE9300EBDD90 /* ExtFloat.swift in Sources */,
				368FD7FB2B01D143006AEABE /* SplashViewModel.swift in Sources */,
				36354F872AF9D12B00EBDD90 /* ToDo.swift in Sources */,
				36354F722AF4A7B100EBDD90 /* DashboardViewController.swift in Sources */,
				36354F922AF9DC6600EBDD90 /* PostViewController.swift in Sources */,
				36354F832AF9CCEF00EBDD90 /* DataModel.xcdatamodeld in Sources */,
				368FD7FD2B01DCF0006AEABE /* LoginViewModel.swift in Sources */,
				36F2C2BA2AE9FC590044729F /* EditProfileViewController.swift in Sources */,
				367B0B9C2AEB609F009E72D4 /* ExtUIButton.swift in Sources */,
				365BA6DA2AEBB06B00CF478C /* ExtString.swift in Sources */,
				367BDE202B01C51C000D2965 /* DashboardViewModel.swift in Sources */,
				36FE9FBC2AF217AA00EBF492 /* RegisterViewController.swift in Sources */,
				369921B72AF0CBE200DC4601 /* LoginViewController.swift in Sources */,
				36D38E612AEA6A3800168143 /* ExtUIImageView.swift in Sources */,
				368FD8092B02002F006AEABE /* AuthService.swift in Sources */,
				360B3A432AEFB5B000FD98BB /* ProfileViewController.swift in Sources */,
				3675629A2AEA22D800F0A86F /* HalfScrollViewController.swift in Sources */,
				367B0BB02AEB943F009E72D4 /* CollectionViewController.swift in Sources */,
				365BA6E12AEBBABE00CF478C /* ScrollViewController.swift in Sources */,
				36354F8D2AF9D22A00EBDD90 /* FetchViewController.swift in Sources */,
				365BA6DF2AEBB9D500CF478C /* ExtUIViewController.swift in Sources */,
				365BA6F92AEF4E5F00CF478C /* SectionViewController.swift in Sources */,
				36301F942AF490D200E8BFF5 /* Endpoint.swift in Sources */,
				36C287382B0478E500F17ADA /* Constants.swift in Sources */,
				367B0BA02AEB61B1009E72D4 /* DetailsViewController.swift in Sources */,
				368D997A2AFB6F320072A977 /* FloatingPanelView.swift in Sources */,
				36A432692AF378C10070E770 /* FoodCell.swift in Sources */,
				36354F762AF4CEAE00EBDD90 /* CartViewController.swift in Sources */,
				367B0BAD2AEB93EC009E72D4 /* ExtUICollectionView.swift in Sources */,
				368E86752AFDD06C002064E1 /* ResultViewController.swift in Sources */,
				3603F09D2AFA0A5C007EAD10 /* SearchBar.swift in Sources */,
				367B0BB52AEB9511009E72D4 /* DrinkCell.swift in Sources */,
				368FD7FF2B01E1EE006AEABE /* RegisterViewModel.swift in Sources */,
				36019BF32AE8EF1400C07588 /* AppDelegate.swift in Sources */,
				365BA6FE2AEF509F00CF478C /* BannerCell.swift in Sources */,
				36301F912AF48FFB00E8BFF5 /* ApiManager.swift in Sources */,
				36019BF52AE8EF1400C07588 /* SceneDelegate.swift in Sources */,
				365BA6EE2AEF3B5700CF478C /* ToolCell.swift in Sources */,
				36A432642AF3767B0070E770 /* MiddleCell.swift in Sources */,
				36A4326F2AF3A31A0070E770 /* BottomCell.swift in Sources */,
				36A432592AF336750070E770 /* TopCell.swift in Sources */,
				369921BB2AF0E2E200DC4601 /* InputField.swift in Sources */,
			);
			runOnlyForDeploymentPostprocessing = 0;
		};
		36019C012AE8EF1500C07588 /* Sources */ = {
			isa = PBXSourcesBuildPhase;
			buildActionMask = 2147483647;
			files = (
				36019C0A2AE8EF1500C07588 /* profileUITests.swift in Sources */,
			);
			runOnlyForDeploymentPostprocessing = 0;
		};
		36019C0B2AE8EF1500C07588 /* Sources */ = {
			isa = PBXSourcesBuildPhase;
			buildActionMask = 2147483647;
			files = (
				36019C162AE8EF1500C07588 /* profileUIUITestsLaunchTests.swift in Sources */,
				36019C142AE8EF1500C07588 /* profileUIUITests.swift in Sources */,
			);
			runOnlyForDeploymentPostprocessing = 0;
		};
/* End PBXSourcesBuildPhase section */

/* Begin PBXTargetDependency section */
		36019C072AE8EF1500C07588 /* PBXTargetDependency */ = {
			isa = PBXTargetDependency;
			target = 36019BEE2AE8EF1400C07588 /* profileUI */;
			targetProxy = 36019C062AE8EF1500C07588 /* PBXContainerItemProxy */;
		};
		36019C112AE8EF1500C07588 /* PBXTargetDependency */ = {
			isa = PBXTargetDependency;
			target = 36019BEE2AE8EF1400C07588 /* profileUI */;
			targetProxy = 36019C102AE8EF1500C07588 /* PBXContainerItemProxy */;
		};
/* End PBXTargetDependency section */

/* Begin PBXVariantGroup section */
		36019BFD2AE8EF1500C07588 /* LaunchScreen.storyboard */ = {
			isa = PBXVariantGroup;
			children = (
				36019BFE2AE8EF1500C07588 /* Base */,
			);
			name = LaunchScreen.storyboard;
			sourceTree = "<group>";
		};
		365BA6D62AEBAC4300CF478C /* Localizable.strings */ = {
			isa = PBXVariantGroup;
			children = (
				365BA6D52AEBAC4300CF478C /* en */,
				365BA6D72AEBACDF00CF478C /* de */,
				365BA6D82AEBACEB00CF478C /* ru */,
			);
			name = Localizable.strings;
			sourceTree = "<group>";
		};
/* End PBXVariantGroup section */

/* Begin XCBuildConfiguration section */
		36019C172AE8EF1500C07588 /* Debug */ = {
			isa = XCBuildConfiguration;
			buildSettings = {
				ALWAYS_SEARCH_USER_PATHS = NO;
				CLANG_ANALYZER_LOCALIZABILITY_NONLOCALIZED = YES;
				CLANG_ANALYZER_NONNULL = YES;
				CLANG_ANALYZER_NUMBER_OBJECT_CONVERSION = YES_AGGRESSIVE;
				CLANG_CXX_LANGUAGE_STANDARD = "gnu++20";
				CLANG_ENABLE_MODULES = YES;
				CLANG_ENABLE_OBJC_ARC = YES;
				CLANG_ENABLE_OBJC_WEAK = YES;
				CLANG_WARN_BLOCK_CAPTURE_AUTORELEASING = YES;
				CLANG_WARN_BOOL_CONVERSION = YES;
				CLANG_WARN_COMMA = YES;
				CLANG_WARN_CONSTANT_CONVERSION = YES;
				CLANG_WARN_DEPRECATED_OBJC_IMPLEMENTATIONS = YES;
				CLANG_WARN_DIRECT_OBJC_ISA_USAGE = YES_ERROR;
				CLANG_WARN_DOCUMENTATION_COMMENTS = YES;
				CLANG_WARN_EMPTY_BODY = YES;
				CLANG_WARN_ENUM_CONVERSION = YES;
				CLANG_WARN_INFINITE_RECURSION = YES;
				CLANG_WARN_INT_CONVERSION = YES;
				CLANG_WARN_NON_LITERAL_NULL_CONVERSION = YES;
				CLANG_WARN_OBJC_IMPLICIT_RETAIN_SELF = YES;
				CLANG_WARN_OBJC_LITERAL_CONVERSION = YES;
				CLANG_WARN_OBJC_ROOT_CLASS = YES_ERROR;
				CLANG_WARN_QUOTED_INCLUDE_IN_FRAMEWORK_HEADER = YES;
				CLANG_WARN_RANGE_LOOP_ANALYSIS = YES;
				CLANG_WARN_STRICT_PROTOTYPES = YES;
				CLANG_WARN_SUSPICIOUS_MOVE = YES;
				CLANG_WARN_UNGUARDED_AVAILABILITY = YES_AGGRESSIVE;
				CLANG_WARN_UNREACHABLE_CODE = YES;
				CLANG_WARN__DUPLICATE_METHOD_MATCH = YES;
				COPY_PHASE_STRIP = NO;
				DEBUG_INFORMATION_FORMAT = dwarf;
				ENABLE_STRICT_OBJC_MSGSEND = YES;
				ENABLE_TESTABILITY = YES;
				GCC_C_LANGUAGE_STANDARD = gnu11;
				GCC_DYNAMIC_NO_PIC = NO;
				GCC_NO_COMMON_BLOCKS = YES;
				GCC_OPTIMIZATION_LEVEL = 0;
				GCC_PREPROCESSOR_DEFINITIONS = (
					"DEBUG=1",
					"$(inherited)",
				);
				GCC_WARN_64_TO_32_BIT_CONVERSION = YES;
				GCC_WARN_ABOUT_RETURN_TYPE = YES_ERROR;
				GCC_WARN_UNDECLARED_SELECTOR = YES;
				GCC_WARN_UNINITIALIZED_AUTOS = YES_AGGRESSIVE;
				GCC_WARN_UNUSED_FUNCTION = YES;
				GCC_WARN_UNUSED_VARIABLE = YES;
				IPHONEOS_DEPLOYMENT_TARGET = 16.2;
				MTL_ENABLE_DEBUG_INFO = INCLUDE_SOURCE;
				MTL_FAST_MATH = YES;
				ONLY_ACTIVE_ARCH = YES;
				SDKROOT = iphoneos;
				SWIFT_ACTIVE_COMPILATION_CONDITIONS = DEBUG;
				SWIFT_OPTIMIZATION_LEVEL = "-Onone";
			};
			name = Debug;
		};
		36019C182AE8EF1500C07588 /* Release */ = {
			isa = XCBuildConfiguration;
			buildSettings = {
				ALWAYS_SEARCH_USER_PATHS = NO;
				CLANG_ANALYZER_LOCALIZABILITY_NONLOCALIZED = YES;
				CLANG_ANALYZER_NONNULL = YES;
				CLANG_ANALYZER_NUMBER_OBJECT_CONVERSION = YES_AGGRESSIVE;
				CLANG_CXX_LANGUAGE_STANDARD = "gnu++20";
				CLANG_ENABLE_MODULES = YES;
				CLANG_ENABLE_OBJC_ARC = YES;
				CLANG_ENABLE_OBJC_WEAK = YES;
				CLANG_WARN_BLOCK_CAPTURE_AUTORELEASING = YES;
				CLANG_WARN_BOOL_CONVERSION = YES;
				CLANG_WARN_COMMA = YES;
				CLANG_WARN_CONSTANT_CONVERSION = YES;
				CLANG_WARN_DEPRECATED_OBJC_IMPLEMENTATIONS = YES;
				CLANG_WARN_DIRECT_OBJC_ISA_USAGE = YES_ERROR;
				CLANG_WARN_DOCUMENTATION_COMMENTS = YES;
				CLANG_WARN_EMPTY_BODY = YES;
				CLANG_WARN_ENUM_CONVERSION = YES;
				CLANG_WARN_INFINITE_RECURSION = YES;
				CLANG_WARN_INT_CONVERSION = YES;
				CLANG_WARN_NON_LITERAL_NULL_CONVERSION = YES;
				CLANG_WARN_OBJC_IMPLICIT_RETAIN_SELF = YES;
				CLANG_WARN_OBJC_LITERAL_CONVERSION = YES;
				CLANG_WARN_OBJC_ROOT_CLASS = YES_ERROR;
				CLANG_WARN_QUOTED_INCLUDE_IN_FRAMEWORK_HEADER = YES;
				CLANG_WARN_RANGE_LOOP_ANALYSIS = YES;
				CLANG_WARN_STRICT_PROTOTYPES = YES;
				CLANG_WARN_SUSPICIOUS_MOVE = YES;
				CLANG_WARN_UNGUARDED_AVAILABILITY = YES_AGGRESSIVE;
				CLANG_WARN_UNREACHABLE_CODE = YES;
				CLANG_WARN__DUPLICATE_METHOD_MATCH = YES;
				COPY_PHASE_STRIP = NO;
				DEBUG_INFORMATION_FORMAT = "dwarf-with-dsym";
				ENABLE_NS_ASSERTIONS = NO;
				ENABLE_STRICT_OBJC_MSGSEND = YES;
				GCC_C_LANGUAGE_STANDARD = gnu11;
				GCC_NO_COMMON_BLOCKS = YES;
				GCC_WARN_64_TO_32_BIT_CONVERSION = YES;
				GCC_WARN_ABOUT_RETURN_TYPE = YES_ERROR;
				GCC_WARN_UNDECLARED_SELECTOR = YES;
				GCC_WARN_UNINITIALIZED_AUTOS = YES_AGGRESSIVE;
				GCC_WARN_UNUSED_FUNCTION = YES;
				GCC_WARN_UNUSED_VARIABLE = YES;
				IPHONEOS_DEPLOYMENT_TARGET = 16.2;
				MTL_ENABLE_DEBUG_INFO = NO;
				MTL_FAST_MATH = YES;
				SDKROOT = iphoneos;
				SWIFT_COMPILATION_MODE = wholemodule;
				SWIFT_OPTIMIZATION_LEVEL = "-O";
				VALIDATE_PRODUCT = YES;
			};
			name = Release;
		};
		36019C1A2AE8EF1500C07588 /* Debug */ = {
			isa = XCBuildConfiguration;
			baseConfigurationReference = 6B7657C59538F03F2CEDCAFF /* Pods-profileUI.debug.xcconfig */;
			buildSettings = {
				ASSETCATALOG_COMPILER_APPICON_NAME = AppIcon;
				ASSETCATALOG_COMPILER_GLOBAL_ACCENT_COLOR_NAME = AccentColor;
				CODE_SIGN_STYLE = Automatic;
				CURRENT_PROJECT_VERSION = 1;
				GENERATE_INFOPLIST_FILE = YES;
				INFOPLIST_FILE = profileUI/Info.plist;
				INFOPLIST_KEY_UIApplicationSupportsIndirectInputEvents = YES;
				INFOPLIST_KEY_UILaunchStoryboardName = LaunchScreen;
				INFOPLIST_KEY_UIMainStoryboardFile = "";
				INFOPLIST_KEY_UISupportedInterfaceOrientations_iPad = "UIInterfaceOrientationPortrait UIInterfaceOrientationPortraitUpsideDown UIInterfaceOrientationLandscapeLeft UIInterfaceOrientationLandscapeRight";
				INFOPLIST_KEY_UISupportedInterfaceOrientations_iPhone = "UIInterfaceOrientationPortrait UIInterfaceOrientationLandscapeLeft UIInterfaceOrientationLandscapeRight";
				LD_RUNPATH_SEARCH_PATHS = (
					"$(inherited)",
					"@executable_path/Frameworks",
				);
				MARKETING_VERSION = 1.0;
				PRODUCT_BUNDLE_IDENTIFIER = Phincon.profileUI;
				PRODUCT_NAME = "$(TARGET_NAME)";
				SWIFT_EMIT_LOC_STRINGS = YES;
				SWIFT_VERSION = 5.0;
				TARGETED_DEVICE_FAMILY = "1,2";
			};
			name = Debug;
		};
		36019C1B2AE8EF1500C07588 /* Release */ = {
			isa = XCBuildConfiguration;
			baseConfigurationReference = B0465A821D82AB1226D1B74E /* Pods-profileUI.release.xcconfig */;
			buildSettings = {
				ASSETCATALOG_COMPILER_APPICON_NAME = AppIcon;
				ASSETCATALOG_COMPILER_GLOBAL_ACCENT_COLOR_NAME = AccentColor;
				CODE_SIGN_STYLE = Automatic;
				CURRENT_PROJECT_VERSION = 1;
				GENERATE_INFOPLIST_FILE = YES;
				INFOPLIST_FILE = profileUI/Info.plist;
				INFOPLIST_KEY_UIApplicationSupportsIndirectInputEvents = YES;
				INFOPLIST_KEY_UILaunchStoryboardName = LaunchScreen;
				INFOPLIST_KEY_UIMainStoryboardFile = "";
				INFOPLIST_KEY_UISupportedInterfaceOrientations_iPad = "UIInterfaceOrientationPortrait UIInterfaceOrientationPortraitUpsideDown UIInterfaceOrientationLandscapeLeft UIInterfaceOrientationLandscapeRight";
				INFOPLIST_KEY_UISupportedInterfaceOrientations_iPhone = "UIInterfaceOrientationPortrait UIInterfaceOrientationLandscapeLeft UIInterfaceOrientationLandscapeRight";
				LD_RUNPATH_SEARCH_PATHS = (
					"$(inherited)",
					"@executable_path/Frameworks",
				);
				MARKETING_VERSION = 1.0;
				PRODUCT_BUNDLE_IDENTIFIER = Phincon.profileUI;
				PRODUCT_NAME = "$(TARGET_NAME)";
				SWIFT_EMIT_LOC_STRINGS = YES;
				SWIFT_VERSION = 5.0;
				TARGETED_DEVICE_FAMILY = "1,2";
			};
			name = Release;
		};
		36019C1D2AE8EF1500C07588 /* Debug */ = {
			isa = XCBuildConfiguration;
			baseConfigurationReference = 7E46680CE78247AA1684D315 /* Pods-profileUITests.debug.xcconfig */;
			buildSettings = {
				ALWAYS_EMBED_SWIFT_STANDARD_LIBRARIES = YES;
				BUNDLE_LOADER = "$(TEST_HOST)";
				CODE_SIGN_STYLE = Automatic;
				CURRENT_PROJECT_VERSION = 1;
				GENERATE_INFOPLIST_FILE = YES;
				IPHONEOS_DEPLOYMENT_TARGET = 16.2;
				MARKETING_VERSION = 1.0;
				PRODUCT_BUNDLE_IDENTIFIER = Phincon.profileUITests;
				PRODUCT_NAME = "$(TARGET_NAME)";
				SWIFT_EMIT_LOC_STRINGS = NO;
				SWIFT_VERSION = 5.0;
				TARGETED_DEVICE_FAMILY = "1,2";
				TEST_HOST = "$(BUILT_PRODUCTS_DIR)/profileUI.app/$(BUNDLE_EXECUTABLE_FOLDER_PATH)/profileUI";
			};
			name = Debug;
		};
		36019C1E2AE8EF1500C07588 /* Release */ = {
			isa = XCBuildConfiguration;
			baseConfigurationReference = 113F20FD03091ABA2C892443 /* Pods-profileUITests.release.xcconfig */;
			buildSettings = {
				ALWAYS_EMBED_SWIFT_STANDARD_LIBRARIES = YES;
				BUNDLE_LOADER = "$(TEST_HOST)";
				CODE_SIGN_STYLE = Automatic;
				CURRENT_PROJECT_VERSION = 1;
				GENERATE_INFOPLIST_FILE = YES;
				IPHONEOS_DEPLOYMENT_TARGET = 16.2;
				MARKETING_VERSION = 1.0;
				PRODUCT_BUNDLE_IDENTIFIER = Phincon.profileUITests;
				PRODUCT_NAME = "$(TARGET_NAME)";
				SWIFT_EMIT_LOC_STRINGS = NO;
				SWIFT_VERSION = 5.0;
				TARGETED_DEVICE_FAMILY = "1,2";
				TEST_HOST = "$(BUILT_PRODUCTS_DIR)/profileUI.app/$(BUNDLE_EXECUTABLE_FOLDER_PATH)/profileUI";
			};
			name = Release;
		};
		36019C202AE8EF1500C07588 /* Debug */ = {
			isa = XCBuildConfiguration;
			baseConfigurationReference = AC7DBD24E4009B87B24F5964 /* Pods-profileUI-profileUIUITests.debug.xcconfig */;
			buildSettings = {
				ALWAYS_EMBED_SWIFT_STANDARD_LIBRARIES = YES;
				CODE_SIGN_STYLE = Automatic;
				CURRENT_PROJECT_VERSION = 1;
				GENERATE_INFOPLIST_FILE = YES;
				MARKETING_VERSION = 1.0;
				PRODUCT_BUNDLE_IDENTIFIER = Phincon.profileUIUITests;
				PRODUCT_NAME = "$(TARGET_NAME)";
				SWIFT_EMIT_LOC_STRINGS = NO;
				SWIFT_VERSION = 5.0;
				TARGETED_DEVICE_FAMILY = "1,2";
				TEST_TARGET_NAME = profileUI;
			};
			name = Debug;
		};
		36019C212AE8EF1500C07588 /* Release */ = {
			isa = XCBuildConfiguration;
			baseConfigurationReference = 5B264E3A1B46DE53575CBD8E /* Pods-profileUI-profileUIUITests.release.xcconfig */;
			buildSettings = {
				ALWAYS_EMBED_SWIFT_STANDARD_LIBRARIES = YES;
				CODE_SIGN_STYLE = Automatic;
				CURRENT_PROJECT_VERSION = 1;
				GENERATE_INFOPLIST_FILE = YES;
				MARKETING_VERSION = 1.0;
				PRODUCT_BUNDLE_IDENTIFIER = Phincon.profileUIUITests;
				PRODUCT_NAME = "$(TARGET_NAME)";
				SWIFT_EMIT_LOC_STRINGS = NO;
				SWIFT_VERSION = 5.0;
				TARGETED_DEVICE_FAMILY = "1,2";
				TEST_TARGET_NAME = profileUI;
			};
			name = Release;
		};
/* End XCBuildConfiguration section */

/* Begin XCConfigurationList section */
		36019BEA2AE8EF1400C07588 /* Build configuration list for PBXProject "profileUI" */ = {
			isa = XCConfigurationList;
			buildConfigurations = (
				36019C172AE8EF1500C07588 /* Debug */,
				36019C182AE8EF1500C07588 /* Release */,
			);
			defaultConfigurationIsVisible = 0;
			defaultConfigurationName = Release;
		};
		36019C192AE8EF1500C07588 /* Build configuration list for PBXNativeTarget "profileUI" */ = {
			isa = XCConfigurationList;
			buildConfigurations = (
				36019C1A2AE8EF1500C07588 /* Debug */,
				36019C1B2AE8EF1500C07588 /* Release */,
			);
			defaultConfigurationIsVisible = 0;
			defaultConfigurationName = Release;
		};
		36019C1C2AE8EF1500C07588 /* Build configuration list for PBXNativeTarget "profileUITests" */ = {
			isa = XCConfigurationList;
			buildConfigurations = (
				36019C1D2AE8EF1500C07588 /* Debug */,
				36019C1E2AE8EF1500C07588 /* Release */,
			);
			defaultConfigurationIsVisible = 0;
			defaultConfigurationName = Release;
		};
		36019C1F2AE8EF1500C07588 /* Build configuration list for PBXNativeTarget "profileUIUITests" */ = {
			isa = XCConfigurationList;
			buildConfigurations = (
				36019C202AE8EF1500C07588 /* Debug */,
				36019C212AE8EF1500C07588 /* Release */,
			);
			defaultConfigurationIsVisible = 0;
			defaultConfigurationName = Release;
		};
/* End XCConfigurationList section */

/* Begin XCVersionGroup section */
		36354F812AF9CCEF00EBDD90 /* DataModel.xcdatamodeld */ = {
			isa = XCVersionGroup;
			children = (
				36354F822AF9CCEF00EBDD90 /* Food.xcdatamodel */,
			);
			currentVersion = 36354F822AF9CCEF00EBDD90 /* Food.xcdatamodel */;
			path = DataModel.xcdatamodeld;
			sourceTree = "<group>";
			versionGroupType = wrapper.xcdatamodel;
		};
/* End XCVersionGroup section */
	};
	rootObject = 36019BE72AE8EF1400C07588 /* Project object */;
}
